{
  "version": 4,
  "terraform_version": "0.12.16",
  "serial": 203,
  "lineage": "d126e088-c8ea-d223-f8a3-f2bc08ce19a7",
  "outputs": {},
  "resources": [
    {
      "mode": "managed",
      "type": "aws_eip",
      "name": "backend-eip-az1",
      "provider": "provider.aws",
      "instances": [
        {
          "schema_version": 0,
          "attributes": {
            "allocation_id": null,
            "associate_with_private_ip": null,
            "association_id": "",
            "domain": "vpc",
            "id": "eipalloc-08efb8ebe00afacfc",
            "instance": "",
            "network_interface": "",
            "private_dns": null,
            "private_ip": "",
            "public_dns": "ec2-13-236-129-1.ap-southeast-2.compute.amazonaws.com",
            "public_ip": "13.236.129.1",
            "public_ipv4_pool": "amazon",
            "tags": {
              "Name": "nat-gw-eip-az1"
            },
            "timeouts": null,
            "vpc": true
          },
          "private": "eyJlMmJmYjczMC1lY2FhLTExZTYtOGY4OC0zNDM2M2JjN2M0YzAiOnsiZGVsZXRlIjoxODAwMDAwMDAwMDAsInJlYWQiOjkwMDAwMDAwMDAwMCwidXBkYXRlIjozMDAwMDAwMDAwMDB9fQ==",
          "dependencies": [
            "aws_subnet.backend-subnet",
            "aws_vpc.backend-vpc"
          ]
        }
      ]
    },
    {
      "mode": "managed",
      "type": "aws_eip",
      "name": "backend-eip-az2",
      "provider": "provider.aws",
      "instances": [
        {
          "schema_version": 0,
          "attributes": {
            "allocation_id": null,
            "associate_with_private_ip": null,
            "association_id": "",
            "domain": "vpc",
            "id": "eipalloc-06e38fffad003f4ab",
            "instance": "",
            "network_interface": "",
            "private_dns": null,
            "private_ip": "",
            "public_dns": "ec2-3-106-0-201.ap-southeast-2.compute.amazonaws.com",
            "public_ip": "3.106.0.201",
            "public_ipv4_pool": "amazon",
            "tags": {
              "Name": "nat-gw-eip-az2"
            },
            "timeouts": null,
            "vpc": true
          },
          "private": "eyJlMmJmYjczMC1lY2FhLTExZTYtOGY4OC0zNDM2M2JjN2M0YzAiOnsiZGVsZXRlIjoxODAwMDAwMDAwMDAsInJlYWQiOjkwMDAwMDAwMDAwMCwidXBkYXRlIjozMDAwMDAwMDAwMDB9fQ==",
          "dependencies": [
            "aws_subnet.backend-subnet",
            "aws_vpc.backend-vpc"
          ]
        }
      ]
    },
    {
      "mode": "managed",
      "type": "aws_eip",
      "name": "backend-eip-az3",
      "provider": "provider.aws",
      "instances": [
        {
          "schema_version": 0,
          "attributes": {
            "allocation_id": null,
            "associate_with_private_ip": null,
            "association_id": "",
            "domain": "vpc",
            "id": "eipalloc-09e4811fbdf68d416",
            "instance": "",
            "network_interface": "",
            "private_dns": null,
            "private_ip": "",
            "public_dns": "ec2-52-62-79-114.ap-southeast-2.compute.amazonaws.com",
            "public_ip": "52.62.79.114",
            "public_ipv4_pool": "amazon",
            "tags": {
              "Name": "nat-gw-eip-az3"
            },
            "timeouts": null,
            "vpc": true
          },
          "private": "eyJlMmJmYjczMC1lY2FhLTExZTYtOGY4OC0zNDM2M2JjN2M0YzAiOnsiZGVsZXRlIjoxODAwMDAwMDAwMDAsInJlYWQiOjkwMDAwMDAwMDAwMCwidXBkYXRlIjozMDAwMDAwMDAwMDB9fQ==",
          "dependencies": [
            "aws_subnet.backend-subnet",
            "aws_vpc.backend-vpc"
          ]
        }
      ]
    },
    {
      "mode": "managed",
      "type": "aws_iam_group",
      "name": "test-group",
      "provider": "provider.aws",
      "instances": [
        {
          "schema_version": 0,
          "attributes": {
            "arn": "arn:aws:iam::773114618884:group/test-group",
            "id": "test-group",
            "name": "test-group",
            "path": "/",
            "unique_id": "AGPA3IAJY4QCCWPJCWNWW"
          },
          "private": "bnVsbA=="
        }
      ]
    },
    {
      "mode": "managed",
      "type": "aws_iam_group_membership",
      "name": "test-users-membership",
      "provider": "provider.aws",
      "instances": [
        {
          "schema_version": 0,
          "attributes": {
            "group": "test-group",
            "id": "test-group",
            "name": "test-group",
            "users": [
              "test-user-1",
              "test-user-2",
              "test-user-3"
            ]
          },
          "private": "bnVsbA==",
          "dependencies": [
            "aws_iam_group.test-group",
            "aws_iam_user.test-users"
          ]
        }
      ]
    },
    {
      "mode": "managed",
      "type": "aws_iam_group_policy_attachment",
      "name": "attach-test-group-custom-policy",
      "provider": "provider.aws",
      "instances": [
        {
          "schema_version": 0,
          "attributes": {
            "group": "test-group",
            "id": "test-group-20200424131526077000000003",
            "policy_arn": "arn:aws:iam::773114618884:policy/LightsailFullAccess"
          },
          "private": "bnVsbA==",
          "dependencies": [
            "aws_iam_group.test-group",
            "aws_iam_policy.test-group-custom-policy"
          ]
        }
      ]
    },
    {
      "mode": "managed",
      "type": "aws_iam_group_policy_attachment",
      "name": "attach-test-group-managed-policy",
      "each": "list",
      "provider": "provider.aws",
      "instances": [
        {
          "index_key": 0,
          "schema_version": 0,
          "attributes": {
            "group": "test-group",
            "id": "test-group-20200424131523003200000002",
            "policy_arn": "arn:aws:iam::aws:policy/AmazonEC2FullAccess"
          },
          "private": "bnVsbA==",
          "dependencies": [
            "aws_iam_group.test-group"
          ]
        },
        {
          "index_key": 1,
          "schema_version": 0,
          "attributes": {
            "group": "test-group",
            "id": "test-group-20200424131522985800000001",
            "policy_arn": "arn:aws:iam::aws:policy/IAMFullAccess"
          },
          "private": "bnVsbA==",
          "dependencies": [
            "aws_iam_group.test-group"
          ]
        }
      ]
    },
    {
      "mode": "managed",
      "type": "aws_iam_policy",
      "name": "test-group-custom-policy",
      "provider": "provider.aws",
      "instances": [
        {
          "schema_version": 0,
          "attributes": {
            "arn": "arn:aws:iam::773114618884:policy/LightsailFullAccess",
            "description": "",
            "id": "arn:aws:iam::773114618884:policy/LightsailFullAccess",
            "name": "LightsailFullAccess",
            "name_prefix": null,
            "path": "/",
            "policy": "{\n  \"Version\": \"2012-10-17\",\n  \"Statement\": [\n    {\n      \"Effect\": \"Allow\",\n      \"Action\": [\n        \"lightsail:*\"\n    ],\n    \"Resource\": \"*\"\n    }\n  ]\n}\n"
          },
          "private": "bnVsbA==",
          "dependencies": [
            "aws_iam_group.test-group"
          ]
        }
      ]
    },
    {
      "mode": "managed",
      "type": "aws_iam_user",
      "name": "test-users",
      "each": "list",
      "provider": "provider.aws",
      "instances": [
        {
          "index_key": 0,
          "schema_version": 0,
          "attributes": {
            "arn": "arn:aws:iam::773114618884:user/test-user-1",
            "force_destroy": false,
            "id": "test-user-1",
            "name": "test-user-1",
            "path": "/",
            "permissions_boundary": null,
            "tags": null,
            "unique_id": "AIDA3IAJY4QCOWDRHWQMM"
          },
          "private": "bnVsbA=="
        },
        {
          "index_key": 1,
          "schema_version": 0,
          "attributes": {
            "arn": "arn:aws:iam::773114618884:user/test-user-2",
            "force_destroy": false,
            "id": "test-user-2",
            "name": "test-user-2",
            "path": "/",
            "permissions_boundary": null,
            "tags": null,
            "unique_id": "AIDA3IAJY4QCFOUDJLQTR"
          },
          "private": "bnVsbA=="
        },
        {
          "index_key": 2,
          "schema_version": 0,
          "attributes": {
            "arn": "arn:aws:iam::773114618884:user/test-user-3",
            "force_destroy": false,
            "id": "test-user-3",
            "name": "test-user-3",
            "path": "/",
            "permissions_boundary": null,
            "tags": null,
            "unique_id": "AIDA3IAJY4QCGOT5KKUCY"
          },
          "private": "bnVsbA=="
        }
      ]
    },
    {
      "mode": "managed",
      "type": "aws_internet_gateway",
      "name": "frontend-internet-gateway",
      "provider": "provider.aws",
      "instances": [
        {
          "schema_version": 0,
          "attributes": {
            "id": "igw-0755bf7fbcf683434",
            "owner_id": "773114618884",
            "tags": {
              "Name": "frontend-internet-gateway"
            },
            "vpc_id": "vpc-0f2160dfb548b555e"
          },
          "private": "bnVsbA==",
          "dependencies": [
            "aws_vpc.frontend-vpc"
          ]
        }
      ]
    },
    {
      "mode": "managed",
      "type": "aws_nat_gateway",
      "name": "backend-natgw-az1",
      "provider": "provider.aws",
      "instances": []
    },
    {
      "mode": "managed",
      "type": "aws_nat_gateway",
      "name": "backend-natgw-az2",
      "provider": "provider.aws",
      "instances": []
    },
    {
      "mode": "managed",
      "type": "aws_nat_gateway",
      "name": "backend-natgw-az3",
      "provider": "provider.aws",
      "instances": []
    },
    {
      "mode": "managed",
      "type": "aws_subnet",
      "name": "backend-subnet",
      "each": "map",
      "provider": "provider.aws",
      "instances": [
        {
          "index_key": "az1",
          "schema_version": 1,
          "attributes": {
            "arn": "arn:aws:ec2:ap-southeast-2:773114618884:subnet/subnet-0b2e72897dea354dd",
            "assign_ipv6_address_on_creation": false,
            "availability_zone": "ap-southeast-2a",
            "availability_zone_id": "apse2-az3",
            "cidr_block": "10.129.0.0/24",
            "id": "subnet-0b2e72897dea354dd",
            "ipv6_cidr_block": "",
            "ipv6_cidr_block_association_id": "",
            "map_public_ip_on_launch": false,
            "owner_id": "773114618884",
            "tags": {
              "Name": "backend-subnet-a"
            },
            "timeouts": null,
            "vpc_id": "vpc-007b96bbb01d7b910"
          },
          "private": "eyJlMmJmYjczMC1lY2FhLTExZTYtOGY4OC0zNDM2M2JjN2M0YzAiOnsiY3JlYXRlIjo2MDAwMDAwMDAwMDAsImRlbGV0ZSI6MTIwMDAwMDAwMDAwMH0sInNjaGVtYV92ZXJzaW9uIjoiMSJ9",
          "dependencies": [
            "aws_vpc.backend-vpc"
          ]
        },
        {
          "index_key": "az2",
          "schema_version": 1,
          "attributes": {
            "arn": "arn:aws:ec2:ap-southeast-2:773114618884:subnet/subnet-0de141642de934cbf",
            "assign_ipv6_address_on_creation": false,
            "availability_zone": "ap-southeast-2b",
            "availability_zone_id": "apse2-az1",
            "cidr_block": "10.129.4.0/24",
            "id": "subnet-0de141642de934cbf",
            "ipv6_cidr_block": "",
            "ipv6_cidr_block_association_id": "",
            "map_public_ip_on_launch": false,
            "owner_id": "773114618884",
            "tags": {
              "Name": "backend-subnet-b"
            },
            "timeouts": null,
            "vpc_id": "vpc-007b96bbb01d7b910"
          },
          "private": "eyJlMmJmYjczMC1lY2FhLTExZTYtOGY4OC0zNDM2M2JjN2M0YzAiOnsiY3JlYXRlIjo2MDAwMDAwMDAwMDAsImRlbGV0ZSI6MTIwMDAwMDAwMDAwMH0sInNjaGVtYV92ZXJzaW9uIjoiMSJ9",
          "dependencies": [
            "aws_vpc.backend-vpc"
          ]
        },
        {
          "index_key": "az3",
          "schema_version": 1,
          "attributes": {
            "arn": "arn:aws:ec2:ap-southeast-2:773114618884:subnet/subnet-03ed7da16f936f45b",
            "assign_ipv6_address_on_creation": false,
            "availability_zone": "ap-southeast-2c",
            "availability_zone_id": "apse2-az2",
            "cidr_block": "10.129.8.0/24",
            "id": "subnet-03ed7da16f936f45b",
            "ipv6_cidr_block": "",
            "ipv6_cidr_block_association_id": "",
            "map_public_ip_on_launch": false,
            "owner_id": "773114618884",
            "tags": {
              "Name": "backend-subnet-c"
            },
            "timeouts": null,
            "vpc_id": "vpc-007b96bbb01d7b910"
          },
          "private": "eyJlMmJmYjczMC1lY2FhLTExZTYtOGY4OC0zNDM2M2JjN2M0YzAiOnsiY3JlYXRlIjo2MDAwMDAwMDAwMDAsImRlbGV0ZSI6MTIwMDAwMDAwMDAwMH0sInNjaGVtYV92ZXJzaW9uIjoiMSJ9",
          "dependencies": [
            "aws_vpc.backend-vpc"
          ]
        }
      ]
    },
    {
      "mode": "managed",
      "type": "aws_subnet",
      "name": "frontend-subnet",
      "each": "map",
      "provider": "provider.aws",
      "instances": [
        {
          "index_key": "az1",
          "schema_version": 1,
          "attributes": {
            "arn": "arn:aws:ec2:ap-southeast-2:773114618884:subnet/subnet-0f4769e1d0a7e7f71",
            "assign_ipv6_address_on_creation": false,
            "availability_zone": "ap-southeast-2a",
            "availability_zone_id": "apse2-az3",
            "cidr_block": "10.128.0.0/24",
            "id": "subnet-0f4769e1d0a7e7f71",
            "ipv6_cidr_block": "",
            "ipv6_cidr_block_association_id": "",
            "map_public_ip_on_launch": false,
            "owner_id": "773114618884",
            "tags": {
              "Name": "frontend-subnet-a"
            },
            "timeouts": null,
            "vpc_id": "vpc-0f2160dfb548b555e"
          },
          "private": "eyJlMmJmYjczMC1lY2FhLTExZTYtOGY4OC0zNDM2M2JjN2M0YzAiOnsiY3JlYXRlIjo2MDAwMDAwMDAwMDAsImRlbGV0ZSI6MTIwMDAwMDAwMDAwMH0sInNjaGVtYV92ZXJzaW9uIjoiMSJ9",
          "dependencies": [
            "aws_vpc.frontend-vpc"
          ]
        },
        {
          "index_key": "az2",
          "schema_version": 1,
          "attributes": {
            "arn": "arn:aws:ec2:ap-southeast-2:773114618884:subnet/subnet-0c03a9d56dbff9b6d",
            "assign_ipv6_address_on_creation": false,
            "availability_zone": "ap-southeast-2b",
            "availability_zone_id": "apse2-az1",
            "cidr_block": "10.128.4.0/24",
            "id": "subnet-0c03a9d56dbff9b6d",
            "ipv6_cidr_block": "",
            "ipv6_cidr_block_association_id": "",
            "map_public_ip_on_launch": false,
            "owner_id": "773114618884",
            "tags": {
              "Name": "frontend-subnet-b"
            },
            "timeouts": null,
            "vpc_id": "vpc-0f2160dfb548b555e"
          },
          "private": "eyJlMmJmYjczMC1lY2FhLTExZTYtOGY4OC0zNDM2M2JjN2M0YzAiOnsiY3JlYXRlIjo2MDAwMDAwMDAwMDAsImRlbGV0ZSI6MTIwMDAwMDAwMDAwMH0sInNjaGVtYV92ZXJzaW9uIjoiMSJ9",
          "dependencies": [
            "aws_vpc.frontend-vpc"
          ]
        },
        {
          "index_key": "az3",
          "schema_version": 1,
          "attributes": {
            "arn": "arn:aws:ec2:ap-southeast-2:773114618884:subnet/subnet-00795f8123ac6a4cc",
            "assign_ipv6_address_on_creation": false,
            "availability_zone": "ap-southeast-2c",
            "availability_zone_id": "apse2-az2",
            "cidr_block": "10.128.8.0/24",
            "id": "subnet-00795f8123ac6a4cc",
            "ipv6_cidr_block": "",
            "ipv6_cidr_block_association_id": "",
            "map_public_ip_on_launch": false,
            "owner_id": "773114618884",
            "tags": {
              "Name": "frontend-subnet-c"
            },
            "timeouts": null,
            "vpc_id": "vpc-0f2160dfb548b555e"
          },
          "private": "eyJlMmJmYjczMC1lY2FhLTExZTYtOGY4OC0zNDM2M2JjN2M0YzAiOnsiY3JlYXRlIjo2MDAwMDAwMDAwMDAsImRlbGV0ZSI6MTIwMDAwMDAwMDAwMH0sInNjaGVtYV92ZXJzaW9uIjoiMSJ9",
          "dependencies": [
            "aws_vpc.frontend-vpc"
          ]
        }
      ]
    },
    {
      "mode": "managed",
      "type": "aws_vpc",
      "name": "backend-vpc",
      "provider": "provider.aws",
      "instances": [
        {
          "schema_version": 1,
          "attributes": {
            "arn": "arn:aws:ec2:ap-southeast-2:773114618884:vpc/vpc-007b96bbb01d7b910",
            "assign_generated_ipv6_cidr_block": false,
            "cidr_block": "10.129.0.0/16",
            "default_network_acl_id": "acl-04569870dc7c05c0c",
            "default_route_table_id": "rtb-0098a8d31c7e3942e",
            "default_security_group_id": "sg-0a35126cdb1cf069a",
            "dhcp_options_id": "dopt-e885938a",
            "enable_classiclink": false,
            "enable_classiclink_dns_support": false,
            "enable_dns_hostnames": true,
            "enable_dns_support": true,
            "id": "vpc-007b96bbb01d7b910",
            "instance_tenancy": "default",
            "ipv6_association_id": "",
            "ipv6_cidr_block": "",
            "main_route_table_id": "rtb-0098a8d31c7e3942e",
            "owner_id": "773114618884",
            "tags": {
              "Name": "backend-vpc"
            }
          },
          "private": "eyJzY2hlbWFfdmVyc2lvbiI6IjEifQ=="
        }
      ]
    },
    {
      "mode": "managed",
      "type": "aws_vpc",
      "name": "frontend-vpc",
      "provider": "provider.aws",
      "instances": [
        {
          "schema_version": 1,
          "attributes": {
            "arn": "arn:aws:ec2:ap-southeast-2:773114618884:vpc/vpc-0f2160dfb548b555e",
            "assign_generated_ipv6_cidr_block": false,
            "cidr_block": "10.128.0.0/16",
            "default_network_acl_id": "acl-031f6f9061ca9bcde",
            "default_route_table_id": "rtb-0ee7a3b0b01df506e",
            "default_security_group_id": "sg-039b94190cf33be93",
            "dhcp_options_id": "dopt-e885938a",
            "enable_classiclink": false,
            "enable_classiclink_dns_support": false,
            "enable_dns_hostnames": true,
            "enable_dns_support": true,
            "id": "vpc-0f2160dfb548b555e",
            "instance_tenancy": "default",
            "ipv6_association_id": "",
            "ipv6_cidr_block": "",
            "main_route_table_id": "rtb-0ee7a3b0b01df506e",
            "owner_id": "773114618884",
            "tags": {
              "Name": "frontend-vpc"
            }
          },
          "private": "eyJzY2hlbWFfdmVyc2lvbiI6IjEifQ=="
        }
      ]
    },
    {
      "mode": "managed",
      "type": "aws_vpc_peering_connection",
      "name": "frontend-backend",
      "provider": "provider.aws",
      "instances": [
        {
          "schema_version": 0,
          "attributes": {
            "accept_status": "active",
            "accepter": [
              {
                "allow_classic_link_to_remote_vpc": false,
                "allow_remote_vpc_dns_resolution": true,
                "allow_vpc_to_remote_classic_link": false
              }
            ],
            "auto_accept": true,
            "id": "pcx-04fd7994efe01a779",
            "peer_owner_id": "773114618884",
            "peer_region": "ap-southeast-2",
            "peer_vpc_id": "vpc-007b96bbb01d7b910",
            "requester": [
              {
                "allow_classic_link_to_remote_vpc": false,
                "allow_remote_vpc_dns_resolution": true,
                "allow_vpc_to_remote_classic_link": false
              }
            ],
            "tags": {
              "Name": "frontend-backend-peering"
            },
            "timeouts": null,
            "vpc_id": "vpc-0f2160dfb548b555e"
          },
          "private": "eyJlMmJmYjczMC1lY2FhLTExZTYtOGY4OC0zNDM2M2JjN2M0YzAiOnsiY3JlYXRlIjo2MDAwMDAwMDAwMCwiZGVsZXRlIjo2MDAwMDAwMDAwMCwidXBkYXRlIjo2MDAwMDAwMDAwMH19",
          "dependencies": [
            "aws_vpc.backend-vpc",
            "aws_vpc.frontend-vpc"
          ]
        }
      ]
    }
  ]
}
