{
  "version": 4,
  "terraform_version": "0.12.16",
  "serial": 783,
  "lineage": "74d0115a-5950-84f7-0b18-8bb43167d853",
  "outputs": {},
  "resources": [
    {
      "mode": "managed",
      "type": "aws_default_route_table",
      "name": "backend-route-table",
      "provider": "provider.aws",
      "instances": [
        {
          "schema_version": 0,
          "attributes": {
            "default_route_table_id": "rtb-0846ee1b6d201fa32",
            "id": "rtb-0846ee1b6d201fa32",
            "owner_id": "773114618884",
            "propagating_vgws": null,
            "route": [
              {
                "cidr_block": "10.128.0.0/16",
                "egress_only_gateway_id": "",
                "gateway_id": "",
                "instance_id": "",
                "ipv6_cidr_block": "",
                "nat_gateway_id": "",
                "network_interface_id": "",
                "transit_gateway_id": "",
                "vpc_peering_connection_id": "pcx-08ee9d7ff9ef854c8"
              }
            ],
            "tags": {},
            "vpc_id": "vpc-091645d8c689343ac"
          },
          "private": "bnVsbA==",
          "dependencies": [
            "aws_vpc.backend-vpc",
            "aws_vpc.frontend-vpc",
            "aws_vpc_peering_connection.frontend-backend"
          ]
        }
      ]
    },
    {
      "mode": "managed",
      "type": "aws_default_route_table",
      "name": "frontend-route-table",
      "provider": "provider.aws",
      "instances": [
        {
          "schema_version": 0,
          "attributes": {
            "default_route_table_id": "rtb-0a6e2d5e3a1fe5e36",
            "id": "rtb-0a6e2d5e3a1fe5e36",
            "owner_id": "773114618884",
            "propagating_vgws": null,
            "route": [
              {
                "cidr_block": "0.0.0.0/0",
                "egress_only_gateway_id": "",
                "gateway_id": "igw-02c2dc33f4e61279b",
                "instance_id": "",
                "ipv6_cidr_block": "",
                "nat_gateway_id": "",
                "network_interface_id": "",
                "transit_gateway_id": "",
                "vpc_peering_connection_id": ""
              },
              {
                "cidr_block": "10.129.0.0/16",
                "egress_only_gateway_id": "",
                "gateway_id": "",
                "instance_id": "",
                "ipv6_cidr_block": "",
                "nat_gateway_id": "",
                "network_interface_id": "",
                "transit_gateway_id": "",
                "vpc_peering_connection_id": "pcx-08ee9d7ff9ef854c8"
              }
            ],
            "tags": {},
            "vpc_id": "vpc-07541f89b80fb877c"
          },
          "private": "bnVsbA==",
          "dependencies": [
            "aws_internet_gateway.frontend-internet-gateway",
            "aws_vpc.backend-vpc",
            "aws_vpc.frontend-vpc",
            "aws_vpc_peering_connection.frontend-backend"
          ]
        }
      ]
    },
    {
      "mode": "managed",
      "type": "aws_default_security_group",
      "name": "default-backend-sec-group",
      "provider": "provider.aws",
      "instances": [
        {
          "schema_version": 1,
          "attributes": {
            "arn": "arn:aws:ec2:ap-southeast-2:773114618884:security-group/sg-0997453f13dbec0c9",
            "description": "default VPC security group",
            "egress": [
              {
                "cidr_blocks": [
                  "0.0.0.0/0"
                ],
                "description": "",
                "from_port": 0,
                "ipv6_cidr_blocks": [],
                "prefix_list_ids": [],
                "protocol": "-1",
                "security_groups": [],
                "self": false,
                "to_port": 0
              }
            ],
            "id": "sg-0997453f13dbec0c9",
            "ingress": [],
            "name": "default",
            "owner_id": "773114618884",
            "revoke_rules_on_delete": false,
            "tags": null,
            "timeouts": null,
            "vpc_id": "vpc-091645d8c689343ac"
          },
          "private": "eyJlMmJmYjczMC1lY2FhLTExZTYtOGY4OC0zNDM2M2JjN2M0YzAiOnsiY3JlYXRlIjo2MDAwMDAwMDAwMDAsImRlbGV0ZSI6NjAwMDAwMDAwMDAwfSwic2NoZW1hX3ZlcnNpb24iOiIxIn0=",
          "dependencies": [
            "aws_vpc.backend-vpc"
          ]
        }
      ]
    },
    {
      "mode": "managed",
      "type": "aws_default_security_group",
      "name": "default-fronted-sec-group",
      "provider": "provider.aws",
      "instances": [
        {
          "schema_version": 1,
          "attributes": {
            "arn": "arn:aws:ec2:ap-southeast-2:773114618884:security-group/sg-01440b51464dbd8a9",
            "description": "default VPC security group",
            "egress": [
              {
                "cidr_blocks": [
                  "0.0.0.0/0"
                ],
                "description": "",
                "from_port": 0,
                "ipv6_cidr_blocks": [],
                "prefix_list_ids": [],
                "protocol": "-1",
                "security_groups": [],
                "self": false,
                "to_port": 0
              }
            ],
            "id": "sg-01440b51464dbd8a9",
            "ingress": [],
            "name": "default",
            "owner_id": "773114618884",
            "revoke_rules_on_delete": false,
            "tags": null,
            "timeouts": null,
            "vpc_id": "vpc-07541f89b80fb877c"
          },
          "private": "eyJlMmJmYjczMC1lY2FhLTExZTYtOGY4OC0zNDM2M2JjN2M0YzAiOnsiY3JlYXRlIjo2MDAwMDAwMDAwMDAsImRlbGV0ZSI6NjAwMDAwMDAwMDAwfSwic2NoZW1hX3ZlcnNpb24iOiIxIn0=",
          "dependencies": [
            "aws_vpc.frontend-vpc"
          ]
        }
      ]
    },
    {
      "mode": "managed",
      "type": "aws_eip",
      "name": "backend-eip-az1",
      "provider": "provider.aws",
      "instances": [
        {
          "schema_version": 0,
          "attributes": {
            "allocation_id": null,
            "associate_with_private_ip": null,
            "association_id": "",
            "domain": "vpc",
            "id": "eipalloc-0344d8c566c8e1b0c",
            "instance": "",
            "network_interface": "",
            "private_dns": null,
            "private_ip": "",
            "public_dns": "ec2-13-236-243-142.ap-southeast-2.compute.amazonaws.com",
            "public_ip": "13.236.243.142",
            "public_ipv4_pool": "amazon",
            "tags": {
              "Environment": "dev",
              "Name": "nat-gw-eip-az1"
            },
            "timeouts": null,
            "vpc": true
          },
          "private": "eyJlMmJmYjczMC1lY2FhLTExZTYtOGY4OC0zNDM2M2JjN2M0YzAiOnsiZGVsZXRlIjoxODAwMDAwMDAwMDAsInJlYWQiOjkwMDAwMDAwMDAwMCwidXBkYXRlIjozMDAwMDAwMDAwMDB9fQ==",
          "dependencies": [
            "aws_subnet.backend-subnet",
            "aws_vpc.backend-vpc"
          ]
        }
      ]
    },
    {
      "mode": "managed",
      "type": "aws_eip",
      "name": "backend-eip-az2",
      "provider": "provider.aws",
      "instances": [
        {
          "schema_version": 0,
          "attributes": {
            "allocation_id": null,
            "associate_with_private_ip": null,
            "association_id": "",
            "domain": "vpc",
            "id": "eipalloc-030902497d2f63699",
            "instance": "",
            "network_interface": "",
            "private_dns": null,
            "private_ip": "",
            "public_dns": "ec2-13-237-188-120.ap-southeast-2.compute.amazonaws.com",
            "public_ip": "13.237.188.120",
            "public_ipv4_pool": "amazon",
            "tags": {
              "Environment": "dev",
              "Name": "nat-gw-eip-az2"
            },
            "timeouts": null,
            "vpc": true
          },
          "private": "eyJlMmJmYjczMC1lY2FhLTExZTYtOGY4OC0zNDM2M2JjN2M0YzAiOnsiZGVsZXRlIjoxODAwMDAwMDAwMDAsInJlYWQiOjkwMDAwMDAwMDAwMCwidXBkYXRlIjozMDAwMDAwMDAwMDB9fQ==",
          "dependencies": [
            "aws_subnet.backend-subnet",
            "aws_vpc.backend-vpc"
          ]
        }
      ]
    },
    {
      "mode": "managed",
      "type": "aws_eip",
      "name": "backend-eip-az3",
      "provider": "provider.aws",
      "instances": [
        {
          "schema_version": 0,
          "attributes": {
            "allocation_id": null,
            "associate_with_private_ip": null,
            "association_id": "",
            "domain": "vpc",
            "id": "eipalloc-054a29c2c8b98f9c0",
            "instance": "",
            "network_interface": "",
            "private_dns": null,
            "private_ip": "",
            "public_dns": "ec2-52-65-113-86.ap-southeast-2.compute.amazonaws.com",
            "public_ip": "52.65.113.86",
            "public_ipv4_pool": "amazon",
            "tags": {
              "Environment": "dev",
              "Name": "nat-gw-eip-az3"
            },
            "timeouts": null,
            "vpc": true
          },
          "private": "eyJlMmJmYjczMC1lY2FhLTExZTYtOGY4OC0zNDM2M2JjN2M0YzAiOnsiZGVsZXRlIjoxODAwMDAwMDAwMDAsInJlYWQiOjkwMDAwMDAwMDAwMCwidXBkYXRlIjozMDAwMDAwMDAwMDB9fQ==",
          "dependencies": [
            "aws_subnet.backend-subnet",
            "aws_vpc.backend-vpc"
          ]
        }
      ]
    },
    {
      "mode": "managed",
      "type": "aws_eip",
      "name": "bastion-host-eip",
      "provider": "provider.aws",
      "instances": [
        {
          "schema_version": 0,
          "attributes": {
            "allocation_id": null,
            "associate_with_private_ip": "10.128.0.254",
            "association_id": "eipassoc-0f498f0a1204d143b",
            "domain": "vpc",
            "id": "eipalloc-04b5cbeb7b64cc5bc",
            "instance": "i-0b5c9acc0200ca076",
            "network_interface": "eni-0f485ddd32d0e4406",
            "private_dns": "ip-10-128-0-254.ap-southeast-2.compute.internal",
            "private_ip": "10.128.0.254",
            "public_dns": "ec2-3-104-171-16.ap-southeast-2.compute.amazonaws.com",
            "public_ip": "3.104.171.16",
            "public_ipv4_pool": "amazon",
            "tags": {
              "Environment": "dev",
              "Name": "bastion"
            },
            "timeouts": null,
            "vpc": true
          },
          "private": "eyJlMmJmYjczMC1lY2FhLTExZTYtOGY4OC0zNDM2M2JjN2M0YzAiOnsiZGVsZXRlIjoxODAwMDAwMDAwMDAsInJlYWQiOjkwMDAwMDAwMDAwMCwidXBkYXRlIjozMDAwMDAwMDAwMDB9fQ==",
          "dependencies": [
            "aws_default_security_group.default-fronted-sec-group",
            "aws_instance.bastion-host",
            "aws_internet_gateway.frontend-internet-gateway",
            "aws_security_group.allow-restricted-ssh",
            "aws_subnet.frontend-subnet",
            "aws_vpc.frontend-vpc"
          ]
        }
      ]
    },
    {
      "mode": "managed",
      "type": "aws_elb",
      "name": "frontend-web-elb",
      "provider": "provider.aws",
      "instances": [
        {
          "schema_version": 0,
          "attributes": {
            "access_logs": [],
            "arn": "arn:aws:elasticloadbalancing:ap-southeast-2:773114618884:loadbalancer/frontend-web-elb",
            "availability_zones": [
              "ap-southeast-2a",
              "ap-southeast-2b",
              "ap-southeast-2c"
            ],
            "connection_draining": false,
            "connection_draining_timeout": 300,
            "cross_zone_load_balancing": true,
            "dns_name": "frontend-web-elb-516931007.ap-southeast-2.elb.amazonaws.com",
            "health_check": [
              {
                "healthy_threshold": 10,
                "interval": 30,
                "target": "TCP:80",
                "timeout": 5,
                "unhealthy_threshold": 2
              }
            ],
            "id": "frontend-web-elb",
            "idle_timeout": 60,
            "instances": [
              "i-00131880a4946d970",
              "i-02d8475b961e7eca3",
              "i-0d30fe64d8b4812a2"
            ],
            "internal": false,
            "listener": [
              {
                "instance_port": 80,
                "instance_protocol": "tcp",
                "lb_port": 80,
                "lb_protocol": "tcp",
                "ssl_certificate_id": ""
              }
            ],
            "name": "frontend-web-elb",
            "name_prefix": null,
            "security_groups": [
              "sg-0ee612e6af44bb43f"
            ],
            "source_security_group": "773114618884/allow-public-web",
            "source_security_group_id": "sg-0ee612e6af44bb43f",
            "subnets": [
              "subnet-07055088740cc032b",
              "subnet-0b8d71679b9dea7bb",
              "subnet-0dfbeac92ec37becd"
            ],
            "tags": {
              "Environment": "dev",
              "Name": "frontend-web-elb"
            },
            "zone_id": "Z1GM3OXH4ZPM65"
          },
          "private": "bnVsbA==",
          "dependencies": [
            "aws_default_security_group.default-fronted-sec-group",
            "aws_instance.web-host",
            "aws_security_group.allow-bastion-frontend-ssh",
            "aws_security_group.allow-frontend-web",
            "aws_security_group.allow-public-web",
            "aws_subnet.frontend-subnet",
            "aws_vpc.frontend-vpc"
          ]
        }
      ]
    },
    {
      "mode": "managed",
      "type": "aws_iam_group",
      "name": "test-group",
      "provider": "provider.aws",
      "instances": [
        {
          "schema_version": 0,
          "attributes": {
            "arn": "arn:aws:iam::773114618884:group/test-group",
            "id": "test-group",
            "name": "test-group",
            "path": "/",
            "unique_id": "AGPA3IAJY4QCOJNTMPR43"
          },
          "private": "bnVsbA=="
        }
      ]
    },
    {
      "mode": "managed",
      "type": "aws_iam_group_membership",
      "name": "test-users-membership",
      "provider": "provider.aws",
      "instances": [
        {
          "schema_version": 0,
          "attributes": {
            "group": "test-group",
            "id": "test-group",
            "name": "test-group",
            "users": [
              "test-user-1",
              "test-user-2",
              "test-user-3"
            ]
          },
          "private": "bnVsbA==",
          "dependencies": [
            "aws_iam_group.test-group",
            "aws_iam_user.test-users"
          ]
        }
      ]
    },
    {
      "mode": "managed",
      "type": "aws_iam_group_policy_attachment",
      "name": "attach-test-group-custom-policy",
      "provider": "provider.aws",
      "instances": [
        {
          "schema_version": 0,
          "attributes": {
            "group": "test-group",
            "id": "test-group-20200425150724516200000003",
            "policy_arn": "arn:aws:iam::773114618884:policy/LightsailFullAccess"
          },
          "private": "bnVsbA==",
          "dependencies": [
            "aws_iam_group.test-group",
            "aws_iam_policy.test-group-custom-policy"
          ]
        }
      ]
    },
    {
      "mode": "managed",
      "type": "aws_iam_group_policy_attachment",
      "name": "attach-test-group-managed-policy",
      "each": "list",
      "provider": "provider.aws",
      "instances": [
        {
          "index_key": 0,
          "schema_version": 0,
          "attributes": {
            "group": "test-group",
            "id": "test-group-20200425150721892600000002",
            "policy_arn": "arn:aws:iam::aws:policy/AmazonEC2FullAccess"
          },
          "private": "bnVsbA==",
          "dependencies": [
            "aws_iam_group.test-group"
          ]
        },
        {
          "index_key": 1,
          "schema_version": 0,
          "attributes": {
            "group": "test-group",
            "id": "test-group-20200425150721606000000001",
            "policy_arn": "arn:aws:iam::aws:policy/IAMFullAccess"
          },
          "private": "bnVsbA==",
          "dependencies": [
            "aws_iam_group.test-group"
          ]
        }
      ]
    },
    {
      "mode": "managed",
      "type": "aws_iam_policy",
      "name": "test-group-custom-policy",
      "provider": "provider.aws",
      "instances": [
        {
          "schema_version": 0,
          "attributes": {
            "arn": "arn:aws:iam::773114618884:policy/LightsailFullAccess",
            "description": "",
            "id": "arn:aws:iam::773114618884:policy/LightsailFullAccess",
            "name": "LightsailFullAccess",
            "name_prefix": null,
            "path": "/",
            "policy": "{\n  \"Version\": \"2012-10-17\",\n  \"Statement\": [\n    {\n      \"Effect\": \"Allow\",\n      \"Action\": [\n        \"lightsail:*\"\n    ],\n    \"Resource\": \"*\"\n    }\n  ]\n}\n"
          },
          "private": "bnVsbA==",
          "dependencies": [
            "aws_iam_group.test-group"
          ]
        }
      ]
    },
    {
      "mode": "managed",
      "type": "aws_iam_user",
      "name": "test-users",
      "each": "list",
      "provider": "provider.aws",
      "instances": [
        {
          "index_key": 0,
          "schema_version": 0,
          "attributes": {
            "arn": "arn:aws:iam::773114618884:user/test-user-1",
            "force_destroy": false,
            "id": "test-user-1",
            "name": "test-user-1",
            "path": "/",
            "permissions_boundary": null,
            "tags": null,
            "unique_id": "AIDA3IAJY4QCKBW6P7HWZ"
          },
          "private": "bnVsbA=="
        },
        {
          "index_key": 1,
          "schema_version": 0,
          "attributes": {
            "arn": "arn:aws:iam::773114618884:user/test-user-2",
            "force_destroy": false,
            "id": "test-user-2",
            "name": "test-user-2",
            "path": "/",
            "permissions_boundary": null,
            "tags": null,
            "unique_id": "AIDA3IAJY4QCMTHTZNOQX"
          },
          "private": "bnVsbA=="
        },
        {
          "index_key": 2,
          "schema_version": 0,
          "attributes": {
            "arn": "arn:aws:iam::773114618884:user/test-user-3",
            "force_destroy": false,
            "id": "test-user-3",
            "name": "test-user-3",
            "path": "/",
            "permissions_boundary": null,
            "tags": null,
            "unique_id": "AIDA3IAJY4QCHGJG5ZVNV"
          },
          "private": "bnVsbA=="
        }
      ]
    },
    {
      "mode": "managed",
      "type": "aws_instance",
      "name": "bastion-host",
      "provider": "provider.aws",
      "instances": [
        {
          "schema_version": 1,
          "attributes": {
            "ami": "ami-0a1a4d97d4af3009b",
            "arn": "arn:aws:ec2:ap-southeast-2:773114618884:instance/i-0b5c9acc0200ca076",
            "associate_public_ip_address": false,
            "availability_zone": "ap-southeast-2a",
            "cpu_core_count": 1,
            "cpu_threads_per_core": 1,
            "credit_specification": [
              {
                "cpu_credits": "standard"
              }
            ],
            "disable_api_termination": false,
            "ebs_block_device": [],
            "ebs_optimized": false,
            "ephemeral_block_device": [],
            "get_password_data": false,
            "hibernation": false,
            "host_id": null,
            "iam_instance_profile": "",
            "id": "i-0b5c9acc0200ca076",
            "instance_initiated_shutdown_behavior": null,
            "instance_state": "running",
            "instance_type": "t2.micro",
            "ipv6_address_count": 0,
            "ipv6_addresses": [],
            "key_name": "user1",
            "metadata_options": [
              {
                "http_endpoint": "enabled",
                "http_put_response_hop_limit": 1,
                "http_tokens": "optional"
              }
            ],
            "monitoring": false,
            "network_interface": [],
            "network_interface_id": null,
            "password_data": "",
            "placement_group": "",
            "primary_network_interface_id": "eni-0f485ddd32d0e4406",
            "private_dns": "ip-10-128-0-254.ap-southeast-2.compute.internal",
            "private_ip": "10.128.0.254",
            "public_dns": "",
            "public_ip": "",
            "root_block_device": [
              {
                "delete_on_termination": true,
                "device_name": "/dev/sda1",
                "encrypted": false,
                "iops": 100,
                "kms_key_id": "",
                "volume_id": "vol-0cb1b5c5b372a412b",
                "volume_size": 8,
                "volume_type": "gp2"
              }
            ],
            "security_groups": [],
            "source_dest_check": true,
            "subnet_id": "subnet-0b8d71679b9dea7bb",
            "tags": {
              "Environment": "dev",
              "Name": "bastion"
            },
            "tenancy": "default",
            "timeouts": null,
            "user_data": null,
            "user_data_base64": null,
            "volume_tags": {},
            "vpc_security_group_ids": [
              "sg-01440b51464dbd8a9",
              "sg-0baf6490ab3923e9c"
            ]
          },
          "private": "eyJlMmJmYjczMC1lY2FhLTExZTYtOGY4OC0zNDM2M2JjN2M0YzAiOnsiY3JlYXRlIjo2MDAwMDAwMDAwMDAsImRlbGV0ZSI6MTIwMDAwMDAwMDAwMCwidXBkYXRlIjo2MDAwMDAwMDAwMDB9LCJzY2hlbWFfdmVyc2lvbiI6IjEifQ==",
          "dependencies": [
            "aws_default_security_group.default-fronted-sec-group",
            "aws_security_group.allow-restricted-ssh",
            "aws_subnet.frontend-subnet",
            "aws_vpc.frontend-vpc"
          ]
        }
      ]
    },
    {
      "mode": "managed",
      "type": "aws_instance",
      "name": "web-host",
      "each": "map",
      "provider": "provider.aws",
      "instances": [
        {
          "index_key": "az1",
          "schema_version": 1,
          "attributes": {
            "ami": "ami-0a1a4d97d4af3009b",
            "arn": "arn:aws:ec2:ap-southeast-2:773114618884:instance/i-00131880a4946d970",
            "associate_public_ip_address": false,
            "availability_zone": "ap-southeast-2a",
            "cpu_core_count": 1,
            "cpu_threads_per_core": 1,
            "credit_specification": [
              {
                "cpu_credits": "standard"
              }
            ],
            "disable_api_termination": false,
            "ebs_block_device": [],
            "ebs_optimized": false,
            "ephemeral_block_device": [],
            "get_password_data": false,
            "hibernation": false,
            "host_id": null,
            "iam_instance_profile": "",
            "id": "i-00131880a4946d970",
            "instance_initiated_shutdown_behavior": null,
            "instance_state": "running",
            "instance_type": "t2.micro",
            "ipv6_address_count": 0,
            "ipv6_addresses": [],
            "key_name": "user1",
            "metadata_options": [
              {
                "http_endpoint": "enabled",
                "http_put_response_hop_limit": 1,
                "http_tokens": "optional"
              }
            ],
            "monitoring": false,
            "network_interface": [],
            "network_interface_id": null,
            "password_data": "",
            "placement_group": "",
            "primary_network_interface_id": "eni-08fdb92758e7b1da2",
            "private_dns": "ip-10-128-0-198.ap-southeast-2.compute.internal",
            "private_ip": "10.128.0.198",
            "public_dns": "",
            "public_ip": "",
            "root_block_device": [
              {
                "delete_on_termination": true,
                "device_name": "/dev/sda1",
                "encrypted": false,
                "iops": 100,
                "kms_key_id": "",
                "volume_id": "vol-05455edd81cc55582",
                "volume_size": 8,
                "volume_type": "gp2"
              }
            ],
            "security_groups": [],
            "source_dest_check": true,
            "subnet_id": "subnet-0b8d71679b9dea7bb",
            "tags": {
              "Environment": "dev",
              "Name": "web-az1"
            },
            "tenancy": "default",
            "timeouts": null,
            "user_data": null,
            "user_data_base64": null,
            "volume_tags": {},
            "vpc_security_group_ids": [
              "sg-0143262e9b04ba6c7",
              "sg-01440b51464dbd8a9",
              "sg-0c5259d28427e3e0d"
            ]
          },
          "private": "eyJlMmJmYjczMC1lY2FhLTExZTYtOGY4OC0zNDM2M2JjN2M0YzAiOnsiY3JlYXRlIjo2MDAwMDAwMDAwMDAsImRlbGV0ZSI6MTIwMDAwMDAwMDAwMCwidXBkYXRlIjo2MDAwMDAwMDAwMDB9LCJzY2hlbWFfdmVyc2lvbiI6IjEifQ==",
          "dependencies": [
            "aws_default_security_group.default-fronted-sec-group",
            "aws_security_group.allow-bastion-frontend-ssh",
            "aws_security_group.allow-frontend-web",
            "aws_subnet.frontend-subnet",
            "aws_vpc.frontend-vpc"
          ]
        },
        {
          "index_key": "az2",
          "schema_version": 1,
          "attributes": {
            "ami": "ami-0a1a4d97d4af3009b",
            "arn": "arn:aws:ec2:ap-southeast-2:773114618884:instance/i-0d30fe64d8b4812a2",
            "associate_public_ip_address": false,
            "availability_zone": "ap-southeast-2b",
            "cpu_core_count": 1,
            "cpu_threads_per_core": 1,
            "credit_specification": [
              {
                "cpu_credits": "standard"
              }
            ],
            "disable_api_termination": false,
            "ebs_block_device": [],
            "ebs_optimized": false,
            "ephemeral_block_device": [],
            "get_password_data": false,
            "hibernation": false,
            "host_id": null,
            "iam_instance_profile": "",
            "id": "i-0d30fe64d8b4812a2",
            "instance_initiated_shutdown_behavior": null,
            "instance_state": "running",
            "instance_type": "t2.micro",
            "ipv6_address_count": 0,
            "ipv6_addresses": [],
            "key_name": "user1",
            "metadata_options": [
              {
                "http_endpoint": "enabled",
                "http_put_response_hop_limit": 1,
                "http_tokens": "optional"
              }
            ],
            "monitoring": false,
            "network_interface": [],
            "network_interface_id": null,
            "password_data": "",
            "placement_group": "",
            "primary_network_interface_id": "eni-0f94cb8e901a743aa",
            "private_dns": "ip-10-128-4-125.ap-southeast-2.compute.internal",
            "private_ip": "10.128.4.125",
            "public_dns": "",
            "public_ip": "",
            "root_block_device": [
              {
                "delete_on_termination": true,
                "device_name": "/dev/sda1",
                "encrypted": false,
                "iops": 100,
                "kms_key_id": "",
                "volume_id": "vol-0b47f709cb9a49bf5",
                "volume_size": 8,
                "volume_type": "gp2"
              }
            ],
            "security_groups": [],
            "source_dest_check": true,
            "subnet_id": "subnet-0dfbeac92ec37becd",
            "tags": {
              "Environment": "dev",
              "Name": "web-az2"
            },
            "tenancy": "default",
            "timeouts": null,
            "user_data": null,
            "user_data_base64": null,
            "volume_tags": {},
            "vpc_security_group_ids": [
              "sg-0143262e9b04ba6c7",
              "sg-01440b51464dbd8a9",
              "sg-0c5259d28427e3e0d"
            ]
          },
          "private": "eyJlMmJmYjczMC1lY2FhLTExZTYtOGY4OC0zNDM2M2JjN2M0YzAiOnsiY3JlYXRlIjo2MDAwMDAwMDAwMDAsImRlbGV0ZSI6MTIwMDAwMDAwMDAwMCwidXBkYXRlIjo2MDAwMDAwMDAwMDB9LCJzY2hlbWFfdmVyc2lvbiI6IjEifQ==",
          "dependencies": [
            "aws_default_security_group.default-fronted-sec-group",
            "aws_security_group.allow-bastion-frontend-ssh",
            "aws_security_group.allow-frontend-web",
            "aws_subnet.frontend-subnet",
            "aws_vpc.frontend-vpc"
          ]
        },
        {
          "index_key": "az3",
          "schema_version": 1,
          "attributes": {
            "ami": "ami-0a1a4d97d4af3009b",
            "arn": "arn:aws:ec2:ap-southeast-2:773114618884:instance/i-02d8475b961e7eca3",
            "associate_public_ip_address": false,
            "availability_zone": "ap-southeast-2c",
            "cpu_core_count": 1,
            "cpu_threads_per_core": 1,
            "credit_specification": [
              {
                "cpu_credits": "standard"
              }
            ],
            "disable_api_termination": false,
            "ebs_block_device": [],
            "ebs_optimized": false,
            "ephemeral_block_device": [],
            "get_password_data": false,
            "hibernation": false,
            "host_id": null,
            "iam_instance_profile": "",
            "id": "i-02d8475b961e7eca3",
            "instance_initiated_shutdown_behavior": null,
            "instance_state": "running",
            "instance_type": "t2.micro",
            "ipv6_address_count": 0,
            "ipv6_addresses": [],
            "key_name": "user1",
            "metadata_options": [
              {
                "http_endpoint": "enabled",
                "http_put_response_hop_limit": 1,
                "http_tokens": "optional"
              }
            ],
            "monitoring": false,
            "network_interface": [],
            "network_interface_id": null,
            "password_data": "",
            "placement_group": "",
            "primary_network_interface_id": "eni-01f115a3b26708edf",
            "private_dns": "ip-10-128-8-149.ap-southeast-2.compute.internal",
            "private_ip": "10.128.8.149",
            "public_dns": "",
            "public_ip": "",
            "root_block_device": [
              {
                "delete_on_termination": true,
                "device_name": "/dev/sda1",
                "encrypted": false,
                "iops": 100,
                "kms_key_id": "",
                "volume_id": "vol-010c69ab343ec4f6c",
                "volume_size": 8,
                "volume_type": "gp2"
              }
            ],
            "security_groups": [],
            "source_dest_check": true,
            "subnet_id": "subnet-07055088740cc032b",
            "tags": {
              "Environment": "dev",
              "Name": "web-az3"
            },
            "tenancy": "default",
            "timeouts": null,
            "user_data": null,
            "user_data_base64": null,
            "volume_tags": {},
            "vpc_security_group_ids": [
              "sg-0143262e9b04ba6c7",
              "sg-01440b51464dbd8a9",
              "sg-0c5259d28427e3e0d"
            ]
          },
          "private": "eyJlMmJmYjczMC1lY2FhLTExZTYtOGY4OC0zNDM2M2JjN2M0YzAiOnsiY3JlYXRlIjo2MDAwMDAwMDAwMDAsImRlbGV0ZSI6MTIwMDAwMDAwMDAwMCwidXBkYXRlIjo2MDAwMDAwMDAwMDB9LCJzY2hlbWFfdmVyc2lvbiI6IjEifQ==",
          "dependencies": [
            "aws_default_security_group.default-fronted-sec-group",
            "aws_security_group.allow-bastion-frontend-ssh",
            "aws_security_group.allow-frontend-web",
            "aws_subnet.frontend-subnet",
            "aws_vpc.frontend-vpc"
          ]
        }
      ]
    },
    {
      "mode": "managed",
      "type": "aws_internet_gateway",
      "name": "frontend-internet-gateway",
      "provider": "provider.aws",
      "instances": [
        {
          "schema_version": 0,
          "attributes": {
            "id": "igw-02c2dc33f4e61279b",
            "owner_id": "773114618884",
            "tags": {
              "Environment": "dev",
              "Name": "frontend-internet-gateway"
            },
            "vpc_id": "vpc-07541f89b80fb877c"
          },
          "private": "bnVsbA==",
          "dependencies": [
            "aws_vpc.frontend-vpc"
          ]
        }
      ]
    },
    {
      "mode": "managed",
      "type": "aws_key_pair",
      "name": "key_pairs",
      "each": "map",
      "provider": "provider.aws",
      "instances": [
        {
          "index_key": "user1",
          "schema_version": 1,
          "attributes": {
            "fingerprint": "29:84:8d:1d:54:52:db:b8:29:f8:24:d9:fd:d4:3d:af",
            "id": "user1",
            "key_name": "user1",
            "key_name_prefix": null,
            "key_pair_id": "key-02f9602b661f266d5",
            "public_key": "ssh-rsa AAAAB3NzaC1yc2EAAAADAQABAAABAQC0k4xVUwlk9I+ZxHb4w1YJVxgMgpuWyB57ReZQ7Q15si0jQ63zxlVBg3LSOi/jy1P2HEKA4v6v8zkLpAKa0LA8+MmS7sik5ShYx1vNelGsaUv30JwiJDR0NMWYR9H9JfyopbJ0lcqDETvQEUnseriycx8WyC1Q9uUJAl0sYdseG7dtrXBUWviqYCoKLEer7nQ5FP4eDUQWBLxV4ys4CVdvkqRSeXgslQHaBnTUP4ReUC8iSyAHFAo26UT0JuMdmVNhsydqEedwNBBjWxJTrjCX/EvcZDIkstvW9IVo7xBmUOBp/DNQbFWw/Lt/x1BrR1CyGnGNpV9wwHLECspTrGUl user1",
            "tags": null
          },
          "private": "eyJzY2hlbWFfdmVyc2lvbiI6IjEifQ=="
        },
        {
          "index_key": "user2",
          "schema_version": 1,
          "attributes": {
            "fingerprint": "6b:cd:5e:3f:86:36:67:cc:99:6b:02:62:44:d2:34:5c",
            "id": "user2",
            "key_name": "user2",
            "key_name_prefix": null,
            "key_pair_id": "key-0712d7ce746226f0f",
            "public_key": "ssh-rsa AAAAB3NzaC1yc2EAAAADAQABAAABAQCsUQhrhAymHDNQ8EaQIIzCvJhquF1swL6PRqyEhE/hHJvlOmKBk5oc8N5MnBUXRYQjbhXV1Qezs1oRYxO3x7RQ5WqdDFsnVFPHL9WjyqGniC152j173+RW+7Aknp+phaKZGIyZyQYcDTlsOIXh679uHq1E3W6ZaHs1mpa9R6VKEjoVatPfEs4PtxTkhx8x009GxEPTluR8fkeyAJ68Z8uiZbxaTigtwNABKp8XqmD6ogx6LKjwWBPiBUEBRcfY0KBBvJpMnFchj88B1QcdKYd801ow3DkHKu3SnsWj57Cmlywm3o5ZUzFYCymvVEPMfhv0DbAFx4E5FGTQW9mmltBV user2",
            "tags": null
          },
          "private": "eyJzY2hlbWFfdmVyc2lvbiI6IjEifQ=="
        }
      ]
    },
    {
      "mode": "managed",
      "type": "aws_s3_bucket",
      "name": "frontend-elb-logs",
      "provider": "provider.aws",
      "instances": [
        {
          "schema_version": 0,
          "attributes": {
            "acceleration_status": "",
            "acl": "private",
            "arn": "arn:aws:s3:::mydev-frontend-elb-logs",
            "bucket": "mydev-frontend-elb-logs",
            "bucket_domain_name": "mydev-frontend-elb-logs.s3.amazonaws.com",
            "bucket_prefix": null,
            "bucket_regional_domain_name": "mydev-frontend-elb-logs.s3.ap-southeast-2.amazonaws.com",
            "cors_rule": [],
            "force_destroy": false,
            "grant": [],
            "hosted_zone_id": "Z1WCIGYICN2BYD",
            "id": "mydev-frontend-elb-logs",
            "lifecycle_rule": [],
            "logging": [],
            "object_lock_configuration": [],
            "policy": null,
            "region": "ap-southeast-2",
            "replication_configuration": [],
            "request_payer": "BucketOwner",
            "server_side_encryption_configuration": [],
            "tags": {
              "Environment": "dev",
              "Name": "mydev-frontend-elb-logs"
            },
            "versioning": [
              {
                "enabled": false,
                "mfa_delete": false
              }
            ],
            "website": [],
            "website_domain": null,
            "website_endpoint": null
          },
          "private": "bnVsbA=="
        }
      ]
    },
    {
      "mode": "managed",
      "type": "aws_security_group",
      "name": "allow-backend-web",
      "provider": "provider.aws",
      "instances": [
        {
          "schema_version": 1,
          "attributes": {
            "arn": "arn:aws:ec2:ap-southeast-2:773114618884:security-group/sg-035f25c94f1827c08",
            "description": "allow-backend-web",
            "egress": [],
            "id": "sg-035f25c94f1827c08",
            "ingress": [],
            "name": "allow-backend-web",
            "name_prefix": null,
            "owner_id": "773114618884",
            "revoke_rules_on_delete": false,
            "tags": {
              "Environment": "dev",
              "Name": "allow-backend-web"
            },
            "timeouts": null,
            "vpc_id": "vpc-091645d8c689343ac"
          },
          "private": "eyJlMmJmYjczMC1lY2FhLTExZTYtOGY4OC0zNDM2M2JjN2M0YzAiOnsiY3JlYXRlIjo2MDAwMDAwMDAwMDAsImRlbGV0ZSI6NjAwMDAwMDAwMDAwfSwic2NoZW1hX3ZlcnNpb24iOiIxIn0=",
          "dependencies": [
            "aws_vpc.backend-vpc"
          ]
        }
      ]
    },
    {
      "mode": "managed",
      "type": "aws_security_group",
      "name": "allow-bastion-backend-ssh",
      "provider": "provider.aws",
      "instances": [
        {
          "schema_version": 1,
          "attributes": {
            "arn": "arn:aws:ec2:ap-southeast-2:773114618884:security-group/sg-09d6c4bb1e1ba33d4",
            "description": "allow-bastion-backend-ssh",
            "egress": [],
            "id": "sg-09d6c4bb1e1ba33d4",
            "ingress": [],
            "name": "allow-bastion-backend-ssh",
            "name_prefix": null,
            "owner_id": "773114618884",
            "revoke_rules_on_delete": false,
            "tags": null,
            "timeouts": null,
            "vpc_id": "vpc-091645d8c689343ac"
          },
          "private": "eyJlMmJmYjczMC1lY2FhLTExZTYtOGY4OC0zNDM2M2JjN2M0YzAiOnsiY3JlYXRlIjo2MDAwMDAwMDAwMDAsImRlbGV0ZSI6NjAwMDAwMDAwMDAwfSwic2NoZW1hX3ZlcnNpb24iOiIxIn0=",
          "dependencies": [
            "aws_vpc.backend-vpc"
          ]
        }
      ]
    },
    {
      "mode": "managed",
      "type": "aws_security_group",
      "name": "allow-bastion-frontend-ssh",
      "provider": "provider.aws",
      "instances": [
        {
          "schema_version": 1,
          "attributes": {
            "arn": "arn:aws:ec2:ap-southeast-2:773114618884:security-group/sg-0143262e9b04ba6c7",
            "description": "allow-bastion-frontend-ssh",
            "egress": [],
            "id": "sg-0143262e9b04ba6c7",
            "ingress": [],
            "name": "allow-bastion-frontend-ssh",
            "name_prefix": null,
            "owner_id": "773114618884",
            "revoke_rules_on_delete": false,
            "tags": null,
            "timeouts": null,
            "vpc_id": "vpc-07541f89b80fb877c"
          },
          "private": "eyJlMmJmYjczMC1lY2FhLTExZTYtOGY4OC0zNDM2M2JjN2M0YzAiOnsiY3JlYXRlIjo2MDAwMDAwMDAwMDAsImRlbGV0ZSI6NjAwMDAwMDAwMDAwfSwic2NoZW1hX3ZlcnNpb24iOiIxIn0=",
          "dependencies": [
            "aws_vpc.frontend-vpc"
          ]
        }
      ]
    },
    {
      "mode": "managed",
      "type": "aws_security_group",
      "name": "allow-frontend-web",
      "provider": "provider.aws",
      "instances": [
        {
          "schema_version": 1,
          "attributes": {
            "arn": "arn:aws:ec2:ap-southeast-2:773114618884:security-group/sg-0c5259d28427e3e0d",
            "description": "allow-frontend-web",
            "egress": [],
            "id": "sg-0c5259d28427e3e0d",
            "ingress": [],
            "name": "allow-frontend-web",
            "name_prefix": null,
            "owner_id": "773114618884",
            "revoke_rules_on_delete": false,
            "tags": {
              "Environment": "dev",
              "Name": "allow-frontend-web"
            },
            "timeouts": null,
            "vpc_id": "vpc-07541f89b80fb877c"
          },
          "private": "eyJlMmJmYjczMC1lY2FhLTExZTYtOGY4OC0zNDM2M2JjN2M0YzAiOnsiY3JlYXRlIjo2MDAwMDAwMDAwMDAsImRlbGV0ZSI6NjAwMDAwMDAwMDAwfSwic2NoZW1hX3ZlcnNpb24iOiIxIn0=",
          "dependencies": [
            "aws_vpc.frontend-vpc"
          ]
        }
      ]
    },
    {
      "mode": "managed",
      "type": "aws_security_group",
      "name": "allow-public-web",
      "provider": "provider.aws",
      "instances": [
        {
          "schema_version": 1,
          "attributes": {
            "arn": "arn:aws:ec2:ap-southeast-2:773114618884:security-group/sg-0ee612e6af44bb43f",
            "description": "allow-public-web",
            "egress": [],
            "id": "sg-0ee612e6af44bb43f",
            "ingress": [],
            "name": "allow-public-web",
            "name_prefix": null,
            "owner_id": "773114618884",
            "revoke_rules_on_delete": false,
            "tags": {
              "Environment": "dev",
              "Name": "allow-public-web"
            },
            "timeouts": null,
            "vpc_id": "vpc-07541f89b80fb877c"
          },
          "private": "eyJlMmJmYjczMC1lY2FhLTExZTYtOGY4OC0zNDM2M2JjN2M0YzAiOnsiY3JlYXRlIjo2MDAwMDAwMDAwMDAsImRlbGV0ZSI6NjAwMDAwMDAwMDAwfSwic2NoZW1hX3ZlcnNpb24iOiIxIn0=",
          "dependencies": [
            "aws_vpc.frontend-vpc"
          ]
        }
      ]
    },
    {
      "mode": "managed",
      "type": "aws_security_group",
      "name": "allow-restricted-ssh",
      "provider": "provider.aws",
      "instances": [
        {
          "schema_version": 1,
          "attributes": {
            "arn": "arn:aws:ec2:ap-southeast-2:773114618884:security-group/sg-0baf6490ab3923e9c",
            "description": "allow-restricted-ssh",
            "egress": [],
            "id": "sg-0baf6490ab3923e9c",
            "ingress": [],
            "name": "allow-restricted-ssh",
            "name_prefix": null,
            "owner_id": "773114618884",
            "revoke_rules_on_delete": false,
            "tags": {
              "Environment": "dev",
              "Name": "allow-restricted-ssh"
            },
            "timeouts": null,
            "vpc_id": "vpc-07541f89b80fb877c"
          },
          "private": "eyJlMmJmYjczMC1lY2FhLTExZTYtOGY4OC0zNDM2M2JjN2M0YzAiOnsiY3JlYXRlIjo2MDAwMDAwMDAwMDAsImRlbGV0ZSI6NjAwMDAwMDAwMDAwfSwic2NoZW1hX3ZlcnNpb24iOiIxIn0=",
          "dependencies": [
            "aws_vpc.frontend-vpc"
          ]
        }
      ]
    },
    {
      "mode": "managed",
      "type": "aws_security_group_rule",
      "name": "allow-backend-web",
      "each": "map",
      "provider": "provider.aws",
      "instances": [
        {
          "index_key": "0",
          "schema_version": 2,
          "attributes": {
            "cidr_blocks": [
              "10.128.0.0/22",
              "10.129.0.0/22"
            ],
            "description": null,
            "from_port": 80,
            "id": "sgrule-1210908734",
            "ipv6_cidr_blocks": null,
            "prefix_list_ids": null,
            "protocol": "tcp",
            "security_group_id": "sg-035f25c94f1827c08",
            "self": false,
            "source_security_group_id": null,
            "to_port": 80,
            "type": "ingress"
          },
          "private": "eyJzY2hlbWFfdmVyc2lvbiI6IjIifQ==",
          "dependencies": [
            "aws_security_group.allow-backend-web",
            "aws_vpc.backend-vpc"
          ]
        },
        {
          "index_key": "1",
          "schema_version": 2,
          "attributes": {
            "cidr_blocks": [
              "10.128.0.0/22",
              "10.129.0.0/22"
            ],
            "description": null,
            "from_port": 443,
            "id": "sgrule-1839285972",
            "ipv6_cidr_blocks": null,
            "prefix_list_ids": null,
            "protocol": "tcp",
            "security_group_id": "sg-035f25c94f1827c08",
            "self": false,
            "source_security_group_id": null,
            "to_port": 443,
            "type": "ingress"
          },
          "private": "eyJzY2hlbWFfdmVyc2lvbiI6IjIifQ==",
          "dependencies": [
            "aws_security_group.allow-backend-web",
            "aws_vpc.backend-vpc"
          ]
        }
      ]
    },
    {
      "mode": "managed",
      "type": "aws_security_group_rule",
      "name": "allow-bastion-backend-ssh",
      "provider": "provider.aws",
      "instances": [
        {
          "schema_version": 2,
          "attributes": {
            "cidr_blocks": [
              "10.128.0.254/32"
            ],
            "description": null,
            "from_port": 22,
            "id": "sgrule-1807047180",
            "ipv6_cidr_blocks": null,
            "prefix_list_ids": null,
            "protocol": "tcp",
            "security_group_id": "sg-09d6c4bb1e1ba33d4",
            "self": false,
            "source_security_group_id": null,
            "to_port": 22,
            "type": "ingress"
          },
          "private": "eyJzY2hlbWFfdmVyc2lvbiI6IjIifQ==",
          "dependencies": [
            "aws_security_group.allow-bastion-backend-ssh",
            "aws_vpc.backend-vpc"
          ]
        }
      ]
    },
    {
      "mode": "managed",
      "type": "aws_security_group_rule",
      "name": "allow-bastion-frontend-ssh",
      "provider": "provider.aws",
      "instances": [
        {
          "schema_version": 2,
          "attributes": {
            "cidr_blocks": [
              "10.128.0.254/32"
            ],
            "description": null,
            "from_port": 22,
            "id": "sgrule-1355442695",
            "ipv6_cidr_blocks": null,
            "prefix_list_ids": null,
            "protocol": "tcp",
            "security_group_id": "sg-0143262e9b04ba6c7",
            "self": false,
            "source_security_group_id": null,
            "to_port": 22,
            "type": "ingress"
          },
          "private": "eyJzY2hlbWFfdmVyc2lvbiI6IjIifQ==",
          "dependencies": [
            "aws_security_group.allow-bastion-frontend-ssh",
            "aws_vpc.frontend-vpc"
          ]
        }
      ]
    },
    {
      "mode": "managed",
      "type": "aws_security_group_rule",
      "name": "allow-frontend-web",
      "each": "map",
      "provider": "provider.aws",
      "instances": [
        {
          "index_key": "0",
          "schema_version": 2,
          "attributes": {
            "cidr_blocks": [
              "10.128.0.0/22",
              "10.129.0.0/22"
            ],
            "description": null,
            "from_port": 80,
            "id": "sgrule-688135461",
            "ipv6_cidr_blocks": null,
            "prefix_list_ids": null,
            "protocol": "tcp",
            "security_group_id": "sg-0c5259d28427e3e0d",
            "self": false,
            "source_security_group_id": null,
            "to_port": 80,
            "type": "ingress"
          },
          "private": "eyJzY2hlbWFfdmVyc2lvbiI6IjIifQ==",
          "dependencies": [
            "aws_security_group.allow-frontend-web",
            "aws_vpc.frontend-vpc"
          ]
        },
        {
          "index_key": "1",
          "schema_version": 2,
          "attributes": {
            "cidr_blocks": [
              "10.128.0.0/22",
              "10.129.0.0/22"
            ],
            "description": null,
            "from_port": 443,
            "id": "sgrule-2811330750",
            "ipv6_cidr_blocks": null,
            "prefix_list_ids": null,
            "protocol": "tcp",
            "security_group_id": "sg-0c5259d28427e3e0d",
            "self": false,
            "source_security_group_id": null,
            "to_port": 443,
            "type": "ingress"
          },
          "private": "eyJzY2hlbWFfdmVyc2lvbiI6IjIifQ==",
          "dependencies": [
            "aws_security_group.allow-frontend-web",
            "aws_vpc.frontend-vpc"
          ]
        }
      ]
    },
    {
      "mode": "managed",
      "type": "aws_security_group_rule",
      "name": "allow-public-web",
      "each": "map",
      "provider": "provider.aws",
      "instances": [
        {
          "index_key": "0",
          "schema_version": 2,
          "attributes": {
            "cidr_blocks": [
              "0.0.0.0/0"
            ],
            "description": null,
            "from_port": 80,
            "id": "sgrule-4283029179",
            "ipv6_cidr_blocks": null,
            "prefix_list_ids": null,
            "protocol": "tcp",
            "security_group_id": "sg-0ee612e6af44bb43f",
            "self": false,
            "source_security_group_id": null,
            "to_port": 80,
            "type": "ingress"
          },
          "private": "eyJzY2hlbWFfdmVyc2lvbiI6IjIifQ==",
          "dependencies": [
            "aws_security_group.allow-public-web",
            "aws_vpc.frontend-vpc"
          ]
        },
        {
          "index_key": "1",
          "schema_version": 2,
          "attributes": {
            "cidr_blocks": [
              "0.0.0.0/0"
            ],
            "description": null,
            "from_port": 443,
            "id": "sgrule-3466763561",
            "ipv6_cidr_blocks": null,
            "prefix_list_ids": null,
            "protocol": "tcp",
            "security_group_id": "sg-0ee612e6af44bb43f",
            "self": false,
            "source_security_group_id": null,
            "to_port": 443,
            "type": "ingress"
          },
          "private": "eyJzY2hlbWFfdmVyc2lvbiI6IjIifQ==",
          "dependencies": [
            "aws_security_group.allow-public-web",
            "aws_vpc.frontend-vpc"
          ]
        }
      ]
    },
    {
      "mode": "managed",
      "type": "aws_security_group_rule",
      "name": "allow-restricted-ssh",
      "each": "map",
      "provider": "provider.aws",
      "instances": [
        {
          "index_key": "0",
          "schema_version": 2,
          "attributes": {
            "cidr_blocks": [
              "0.0.0.0/0"
            ],
            "description": null,
            "from_port": 22,
            "id": "sgrule-3586291627",
            "ipv6_cidr_blocks": null,
            "prefix_list_ids": null,
            "protocol": "tcp",
            "security_group_id": "sg-0baf6490ab3923e9c",
            "self": false,
            "source_security_group_id": null,
            "to_port": 22,
            "type": "ingress"
          },
          "private": "eyJzY2hlbWFfdmVyc2lvbiI6IjIifQ==",
          "dependencies": [
            "aws_security_group.allow-restricted-ssh",
            "aws_vpc.frontend-vpc"
          ]
        }
      ]
    },
    {
      "mode": "managed",
      "type": "aws_subnet",
      "name": "backend-subnet",
      "each": "map",
      "provider": "provider.aws",
      "instances": [
        {
          "index_key": "az1",
          "schema_version": 1,
          "attributes": {
            "arn": "arn:aws:ec2:ap-southeast-2:773114618884:subnet/subnet-049f3dbc1cb006b8e",
            "assign_ipv6_address_on_creation": false,
            "availability_zone": "ap-southeast-2a",
            "availability_zone_id": "apse2-az3",
            "cidr_block": "10.129.0.0/24",
            "id": "subnet-049f3dbc1cb006b8e",
            "ipv6_cidr_block": "",
            "ipv6_cidr_block_association_id": "",
            "map_public_ip_on_launch": false,
            "owner_id": "773114618884",
            "tags": {
              "Environment": "dev",
              "Name": "backend-subnet-a"
            },
            "timeouts": null,
            "vpc_id": "vpc-091645d8c689343ac"
          },
          "private": "eyJlMmJmYjczMC1lY2FhLTExZTYtOGY4OC0zNDM2M2JjN2M0YzAiOnsiY3JlYXRlIjo2MDAwMDAwMDAwMDAsImRlbGV0ZSI6MTIwMDAwMDAwMDAwMH0sInNjaGVtYV92ZXJzaW9uIjoiMSJ9",
          "dependencies": [
            "aws_vpc.backend-vpc"
          ]
        },
        {
          "index_key": "az2",
          "schema_version": 1,
          "attributes": {
            "arn": "arn:aws:ec2:ap-southeast-2:773114618884:subnet/subnet-018d8c7a71440f08d",
            "assign_ipv6_address_on_creation": false,
            "availability_zone": "ap-southeast-2b",
            "availability_zone_id": "apse2-az1",
            "cidr_block": "10.129.4.0/24",
            "id": "subnet-018d8c7a71440f08d",
            "ipv6_cidr_block": "",
            "ipv6_cidr_block_association_id": "",
            "map_public_ip_on_launch": false,
            "owner_id": "773114618884",
            "tags": {
              "Environment": "dev",
              "Name": "backend-subnet-b"
            },
            "timeouts": null,
            "vpc_id": "vpc-091645d8c689343ac"
          },
          "private": "eyJlMmJmYjczMC1lY2FhLTExZTYtOGY4OC0zNDM2M2JjN2M0YzAiOnsiY3JlYXRlIjo2MDAwMDAwMDAwMDAsImRlbGV0ZSI6MTIwMDAwMDAwMDAwMH0sInNjaGVtYV92ZXJzaW9uIjoiMSJ9",
          "dependencies": [
            "aws_vpc.backend-vpc"
          ]
        },
        {
          "index_key": "az3",
          "schema_version": 1,
          "attributes": {
            "arn": "arn:aws:ec2:ap-southeast-2:773114618884:subnet/subnet-0d16e2d446017d8ac",
            "assign_ipv6_address_on_creation": false,
            "availability_zone": "ap-southeast-2c",
            "availability_zone_id": "apse2-az2",
            "cidr_block": "10.129.8.0/24",
            "id": "subnet-0d16e2d446017d8ac",
            "ipv6_cidr_block": "",
            "ipv6_cidr_block_association_id": "",
            "map_public_ip_on_launch": false,
            "owner_id": "773114618884",
            "tags": {
              "Environment": "dev",
              "Name": "backend-subnet-c"
            },
            "timeouts": null,
            "vpc_id": "vpc-091645d8c689343ac"
          },
          "private": "eyJlMmJmYjczMC1lY2FhLTExZTYtOGY4OC0zNDM2M2JjN2M0YzAiOnsiY3JlYXRlIjo2MDAwMDAwMDAwMDAsImRlbGV0ZSI6MTIwMDAwMDAwMDAwMH0sInNjaGVtYV92ZXJzaW9uIjoiMSJ9",
          "dependencies": [
            "aws_vpc.backend-vpc"
          ]
        }
      ]
    },
    {
      "mode": "managed",
      "type": "aws_subnet",
      "name": "frontend-subnet",
      "each": "map",
      "provider": "provider.aws",
      "instances": [
        {
          "index_key": "az1",
          "schema_version": 1,
          "attributes": {
            "arn": "arn:aws:ec2:ap-southeast-2:773114618884:subnet/subnet-0b8d71679b9dea7bb",
            "assign_ipv6_address_on_creation": false,
            "availability_zone": "ap-southeast-2a",
            "availability_zone_id": "apse2-az3",
            "cidr_block": "10.128.0.0/24",
            "id": "subnet-0b8d71679b9dea7bb",
            "ipv6_cidr_block": "",
            "ipv6_cidr_block_association_id": "",
            "map_public_ip_on_launch": false,
            "owner_id": "773114618884",
            "tags": {
              "Environment": "dev",
              "Name": "frontend-subnet-a"
            },
            "timeouts": null,
            "vpc_id": "vpc-07541f89b80fb877c"
          },
          "private": "eyJlMmJmYjczMC1lY2FhLTExZTYtOGY4OC0zNDM2M2JjN2M0YzAiOnsiY3JlYXRlIjo2MDAwMDAwMDAwMDAsImRlbGV0ZSI6MTIwMDAwMDAwMDAwMH0sInNjaGVtYV92ZXJzaW9uIjoiMSJ9",
          "dependencies": [
            "aws_vpc.frontend-vpc"
          ]
        },
        {
          "index_key": "az2",
          "schema_version": 1,
          "attributes": {
            "arn": "arn:aws:ec2:ap-southeast-2:773114618884:subnet/subnet-0dfbeac92ec37becd",
            "assign_ipv6_address_on_creation": false,
            "availability_zone": "ap-southeast-2b",
            "availability_zone_id": "apse2-az1",
            "cidr_block": "10.128.4.0/24",
            "id": "subnet-0dfbeac92ec37becd",
            "ipv6_cidr_block": "",
            "ipv6_cidr_block_association_id": "",
            "map_public_ip_on_launch": false,
            "owner_id": "773114618884",
            "tags": {
              "Environment": "dev",
              "Name": "frontend-subnet-b"
            },
            "timeouts": null,
            "vpc_id": "vpc-07541f89b80fb877c"
          },
          "private": "eyJlMmJmYjczMC1lY2FhLTExZTYtOGY4OC0zNDM2M2JjN2M0YzAiOnsiY3JlYXRlIjo2MDAwMDAwMDAwMDAsImRlbGV0ZSI6MTIwMDAwMDAwMDAwMH0sInNjaGVtYV92ZXJzaW9uIjoiMSJ9",
          "dependencies": [
            "aws_vpc.frontend-vpc"
          ]
        },
        {
          "index_key": "az3",
          "schema_version": 1,
          "attributes": {
            "arn": "arn:aws:ec2:ap-southeast-2:773114618884:subnet/subnet-07055088740cc032b",
            "assign_ipv6_address_on_creation": false,
            "availability_zone": "ap-southeast-2c",
            "availability_zone_id": "apse2-az2",
            "cidr_block": "10.128.8.0/24",
            "id": "subnet-07055088740cc032b",
            "ipv6_cidr_block": "",
            "ipv6_cidr_block_association_id": "",
            "map_public_ip_on_launch": false,
            "owner_id": "773114618884",
            "tags": {
              "Environment": "dev",
              "Name": "frontend-subnet-c"
            },
            "timeouts": null,
            "vpc_id": "vpc-07541f89b80fb877c"
          },
          "private": "eyJlMmJmYjczMC1lY2FhLTExZTYtOGY4OC0zNDM2M2JjN2M0YzAiOnsiY3JlYXRlIjo2MDAwMDAwMDAwMDAsImRlbGV0ZSI6MTIwMDAwMDAwMDAwMH0sInNjaGVtYV92ZXJzaW9uIjoiMSJ9",
          "dependencies": [
            "aws_vpc.frontend-vpc"
          ]
        }
      ]
    },
    {
      "mode": "managed",
      "type": "aws_vpc",
      "name": "backend-vpc",
      "provider": "provider.aws",
      "instances": [
        {
          "schema_version": 1,
          "attributes": {
            "arn": "arn:aws:ec2:ap-southeast-2:773114618884:vpc/vpc-091645d8c689343ac",
            "assign_generated_ipv6_cidr_block": false,
            "cidr_block": "10.129.0.0/16",
            "default_network_acl_id": "acl-0641aae9a1420e856",
            "default_route_table_id": "rtb-0846ee1b6d201fa32",
            "default_security_group_id": "sg-0997453f13dbec0c9",
            "dhcp_options_id": "dopt-e885938a",
            "enable_classiclink": false,
            "enable_classiclink_dns_support": false,
            "enable_dns_hostnames": true,
            "enable_dns_support": true,
            "id": "vpc-091645d8c689343ac",
            "instance_tenancy": "default",
            "ipv6_association_id": "",
            "ipv6_cidr_block": "",
            "main_route_table_id": "rtb-0846ee1b6d201fa32",
            "owner_id": "773114618884",
            "tags": {
              "Environment": "dev",
              "Name": "backend-vpc"
            }
          },
          "private": "eyJzY2hlbWFfdmVyc2lvbiI6IjEifQ=="
        }
      ]
    },
    {
      "mode": "managed",
      "type": "aws_vpc",
      "name": "frontend-vpc",
      "provider": "provider.aws",
      "instances": [
        {
          "schema_version": 1,
          "attributes": {
            "arn": "arn:aws:ec2:ap-southeast-2:773114618884:vpc/vpc-07541f89b80fb877c",
            "assign_generated_ipv6_cidr_block": false,
            "cidr_block": "10.128.0.0/16",
            "default_network_acl_id": "acl-0d732ec75f76e5985",
            "default_route_table_id": "rtb-0a6e2d5e3a1fe5e36",
            "default_security_group_id": "sg-01440b51464dbd8a9",
            "dhcp_options_id": "dopt-e885938a",
            "enable_classiclink": false,
            "enable_classiclink_dns_support": false,
            "enable_dns_hostnames": true,
            "enable_dns_support": true,
            "id": "vpc-07541f89b80fb877c",
            "instance_tenancy": "default",
            "ipv6_association_id": "",
            "ipv6_cidr_block": "",
            "main_route_table_id": "rtb-0a6e2d5e3a1fe5e36",
            "owner_id": "773114618884",
            "tags": {
              "Environment": "dev",
              "Name": "frontend-vpc"
            }
          },
          "private": "eyJzY2hlbWFfdmVyc2lvbiI6IjEifQ=="
        }
      ]
    },
    {
      "mode": "managed",
      "type": "aws_vpc_peering_connection",
      "name": "frontend-backend",
      "provider": "provider.aws",
      "instances": [
        {
          "schema_version": 0,
          "attributes": {
            "accept_status": "active",
            "accepter": [
              {
                "allow_classic_link_to_remote_vpc": false,
                "allow_remote_vpc_dns_resolution": true,
                "allow_vpc_to_remote_classic_link": false
              }
            ],
            "auto_accept": true,
            "id": "pcx-08ee9d7ff9ef854c8",
            "peer_owner_id": "773114618884",
            "peer_region": "ap-southeast-2",
            "peer_vpc_id": "vpc-091645d8c689343ac",
            "requester": [
              {
                "allow_classic_link_to_remote_vpc": false,
                "allow_remote_vpc_dns_resolution": true,
                "allow_vpc_to_remote_classic_link": false
              }
            ],
            "tags": {
              "Environment": "dev",
              "Name": "frontend-backend-peering"
            },
            "timeouts": null,
            "vpc_id": "vpc-07541f89b80fb877c"
          },
          "private": "eyJlMmJmYjczMC1lY2FhLTExZTYtOGY4OC0zNDM2M2JjN2M0YzAiOnsiY3JlYXRlIjo2MDAwMDAwMDAwMCwiZGVsZXRlIjo2MDAwMDAwMDAwMCwidXBkYXRlIjo2MDAwMDAwMDAwMH19",
          "dependencies": [
            "aws_vpc.backend-vpc",
            "aws_vpc.frontend-vpc"
          ]
        }
      ]
    }
  ]
}
