{
  "version": 4,
  "terraform_version": "0.12.16",
  "serial": 24,
  "lineage": "74d0115a-5950-84f7-0b18-8bb43167d853",
  "outputs": {},
  "resources": [
    {
      "mode": "managed",
      "type": "aws_eip",
      "name": "backend-eip-az1",
      "provider": "provider.aws",
      "instances": [
        {
          "schema_version": 0,
          "attributes": {
            "allocation_id": null,
            "associate_with_private_ip": null,
            "association_id": "",
            "domain": "vpc",
            "id": "eipalloc-03dcc691e3af47df2",
            "instance": "",
            "network_interface": "",
            "private_dns": null,
            "private_ip": "",
            "public_dns": "ec2-3-106-61-55.ap-southeast-2.compute.amazonaws.com",
            "public_ip": "3.106.61.55",
            "public_ipv4_pool": "amazon",
            "tags": {
              "Environment": "dev",
              "Name": "nat-gw-eip-az1"
            },
            "timeouts": null,
            "vpc": true
          },
          "private": "eyJlMmJmYjczMC1lY2FhLTExZTYtOGY4OC0zNDM2M2JjN2M0YzAiOnsiZGVsZXRlIjoxODAwMDAwMDAwMDAsInJlYWQiOjkwMDAwMDAwMDAwMCwidXBkYXRlIjozMDAwMDAwMDAwMDB9fQ==",
          "dependencies": [
            "aws_subnet.backend-subnet",
            "aws_vpc.backend-vpc"
          ]
        }
      ]
    },
    {
      "mode": "managed",
      "type": "aws_eip",
      "name": "backend-eip-az2",
      "provider": "provider.aws",
      "instances": [
        {
          "schema_version": 0,
          "attributes": {
            "allocation_id": null,
            "associate_with_private_ip": null,
            "association_id": "",
            "domain": "vpc",
            "id": "eipalloc-00fad09fa334a21e0",
            "instance": "",
            "network_interface": "",
            "private_dns": null,
            "private_ip": "",
            "public_dns": "ec2-54-79-3-76.ap-southeast-2.compute.amazonaws.com",
            "public_ip": "54.79.3.76",
            "public_ipv4_pool": "amazon",
            "tags": {
              "Environment": "dev",
              "Name": "nat-gw-eip-az2"
            },
            "timeouts": null,
            "vpc": true
          },
          "private": "eyJlMmJmYjczMC1lY2FhLTExZTYtOGY4OC0zNDM2M2JjN2M0YzAiOnsiZGVsZXRlIjoxODAwMDAwMDAwMDAsInJlYWQiOjkwMDAwMDAwMDAwMCwidXBkYXRlIjozMDAwMDAwMDAwMDB9fQ==",
          "dependencies": [
            "aws_subnet.backend-subnet",
            "aws_vpc.backend-vpc"
          ]
        }
      ]
    },
    {
      "mode": "managed",
      "type": "aws_eip",
      "name": "backend-eip-az3",
      "provider": "provider.aws",
      "instances": [
        {
          "schema_version": 0,
          "attributes": {
            "allocation_id": null,
            "associate_with_private_ip": null,
            "association_id": "",
            "domain": "vpc",
            "id": "eipalloc-01762819b81def60a",
            "instance": "",
            "network_interface": "",
            "private_dns": null,
            "private_ip": "",
            "public_dns": "ec2-13-210-227-199.ap-southeast-2.compute.amazonaws.com",
            "public_ip": "13.210.227.199",
            "public_ipv4_pool": "amazon",
            "tags": {
              "Environment": "dev",
              "Name": "nat-gw-eip-az3"
            },
            "timeouts": null,
            "vpc": true
          },
          "private": "eyJlMmJmYjczMC1lY2FhLTExZTYtOGY4OC0zNDM2M2JjN2M0YzAiOnsiZGVsZXRlIjoxODAwMDAwMDAwMDAsInJlYWQiOjkwMDAwMDAwMDAwMCwidXBkYXRlIjozMDAwMDAwMDAwMDB9fQ==",
          "dependencies": [
            "aws_subnet.backend-subnet",
            "aws_vpc.backend-vpc"
          ]
        }
      ]
    },
    {
      "mode": "managed",
      "type": "aws_iam_group",
      "name": "test-group",
      "provider": "provider.aws",
      "instances": [
        {
          "schema_version": 0,
          "attributes": {
            "arn": "arn:aws:iam::773114618884:group/test-group",
            "id": "test-group",
            "name": "test-group",
            "path": "/",
            "unique_id": "AGPA3IAJY4QCCIM2ALKSB"
          },
          "private": "bnVsbA=="
        }
      ]
    },
    {
      "mode": "managed",
      "type": "aws_iam_group_membership",
      "name": "test-users-membership",
      "provider": "provider.aws",
      "instances": [
        {
          "schema_version": 0,
          "attributes": {
            "group": "test-group",
            "id": "test-group",
            "name": "test-group",
            "users": [
              "test-user-1",
              "test-user-2",
              "test-user-3"
            ]
          },
          "private": "bnVsbA==",
          "dependencies": [
            "aws_iam_group.test-group",
            "aws_iam_user.test-users"
          ]
        }
      ]
    },
    {
      "mode": "managed",
      "type": "aws_iam_group_policy_attachment",
      "name": "attach-test-group-custom-policy",
      "provider": "provider.aws",
      "instances": [
        {
          "schema_version": 0,
          "attributes": {
            "group": "test-group",
            "id": "test-group-20200424151400705500000003",
            "policy_arn": "arn:aws:iam::773114618884:policy/LightsailFullAccess"
          },
          "private": "bnVsbA==",
          "dependencies": [
            "aws_iam_group.test-group",
            "aws_iam_policy.test-group-custom-policy"
          ]
        }
      ]
    },
    {
      "mode": "managed",
      "type": "aws_iam_group_policy_attachment",
      "name": "attach-test-group-managed-policy",
      "each": "list",
      "provider": "provider.aws",
      "instances": [
        {
          "index_key": 0,
          "schema_version": 0,
          "attributes": {
            "group": "test-group",
            "id": "test-group-20200424151357676000000002",
            "policy_arn": "arn:aws:iam::aws:policy/AmazonEC2FullAccess"
          },
          "private": "bnVsbA==",
          "dependencies": [
            "aws_iam_group.test-group"
          ]
        },
        {
          "index_key": 1,
          "schema_version": 0,
          "attributes": {
            "group": "test-group",
            "id": "test-group-20200424151357650900000001",
            "policy_arn": "arn:aws:iam::aws:policy/IAMFullAccess"
          },
          "private": "bnVsbA==",
          "dependencies": [
            "aws_iam_group.test-group"
          ]
        }
      ]
    },
    {
      "mode": "managed",
      "type": "aws_iam_policy",
      "name": "test-group-custom-policy",
      "provider": "provider.aws",
      "instances": [
        {
          "schema_version": 0,
          "attributes": {
            "arn": "arn:aws:iam::773114618884:policy/LightsailFullAccess",
            "description": "",
            "id": "arn:aws:iam::773114618884:policy/LightsailFullAccess",
            "name": "LightsailFullAccess",
            "name_prefix": null,
            "path": "/",
            "policy": "{\n  \"Version\": \"2012-10-17\",\n  \"Statement\": [\n    {\n      \"Effect\": \"Allow\",\n      \"Action\": [\n        \"lightsail:*\"\n    ],\n    \"Resource\": \"*\"\n    }\n  ]\n}\n"
          },
          "private": "bnVsbA==",
          "dependencies": [
            "aws_iam_group.test-group"
          ]
        }
      ]
    },
    {
      "mode": "managed",
      "type": "aws_iam_user",
      "name": "test-users",
      "each": "list",
      "provider": "provider.aws",
      "instances": [
        {
          "index_key": 0,
          "schema_version": 0,
          "attributes": {
            "arn": "arn:aws:iam::773114618884:user/test-user-1",
            "force_destroy": false,
            "id": "test-user-1",
            "name": "test-user-1",
            "path": "/",
            "permissions_boundary": null,
            "tags": {},
            "unique_id": "AIDA3IAJY4QCKJUE4WTDV"
          },
          "private": "bnVsbA=="
        },
        {
          "index_key": 1,
          "schema_version": 0,
          "attributes": {
            "arn": "arn:aws:iam::773114618884:user/test-user-2",
            "force_destroy": false,
            "id": "test-user-2",
            "name": "test-user-2",
            "path": "/",
            "permissions_boundary": null,
            "tags": {},
            "unique_id": "AIDA3IAJY4QCMYD5XYCCK"
          },
          "private": "bnVsbA=="
        },
        {
          "index_key": 2,
          "schema_version": 0,
          "attributes": {
            "arn": "arn:aws:iam::773114618884:user/test-user-3",
            "force_destroy": false,
            "id": "test-user-3",
            "name": "test-user-3",
            "path": "/",
            "permissions_boundary": null,
            "tags": {},
            "unique_id": "AIDA3IAJY4QCBKNNVFGXK"
          },
          "private": "bnVsbA=="
        }
      ]
    },
    {
      "mode": "managed",
      "type": "aws_internet_gateway",
      "name": "frontend-internet-gateway",
      "provider": "provider.aws",
      "instances": [
        {
          "schema_version": 0,
          "attributes": {
            "id": "igw-0ab0a1a47ebafed5f",
            "owner_id": "773114618884",
            "tags": {
              "Environment": "dev",
              "Name": "frontend-internet-gateway"
            },
            "vpc_id": "vpc-0e2a8b3b0253d61e9"
          },
          "private": "bnVsbA==",
          "dependencies": [
            "aws_vpc.frontend-vpc"
          ]
        }
      ]
    },
    {
      "mode": "managed",
      "type": "aws_nat_gateway",
      "name": "backend-natgw-az1",
      "provider": "provider.aws",
      "instances": [
        {
          "status": "tainted",
          "schema_version": 0,
          "attributes": {
            "allocation_id": "eipalloc-03dcc691e3af47df2",
            "id": "nat-04fe63d48c6689c20",
            "network_interface_id": null,
            "private_ip": null,
            "public_ip": null,
            "subnet_id": "subnet-0b1eeedf8384535c2",
            "tags": {
              "Environment": "dev",
              "Name": "nat-gw-az1"
            }
          },
          "private": "bnVsbA==",
          "dependencies": [
            "aws_eip.backend-eip-az1",
            "aws_subnet.backend-subnet"
          ]
        }
      ]
    },
    {
      "mode": "managed",
      "type": "aws_nat_gateway",
      "name": "backend-natgw-az2",
      "provider": "provider.aws",
      "instances": [
        {
          "status": "tainted",
          "schema_version": 0,
          "attributes": {
            "allocation_id": "eipalloc-00fad09fa334a21e0",
            "id": "nat-061359f90772a08f9",
            "network_interface_id": null,
            "private_ip": null,
            "public_ip": null,
            "subnet_id": "subnet-0241a3e322523dff5",
            "tags": {
              "Environment": "dev",
              "Name": "nat-gw-az2"
            }
          },
          "private": "bnVsbA==",
          "dependencies": [
            "aws_eip.backend-eip-az2",
            "aws_subnet.backend-subnet"
          ]
        }
      ]
    },
    {
      "mode": "managed",
      "type": "aws_nat_gateway",
      "name": "backend-natgw-az3",
      "provider": "provider.aws",
      "instances": [
        {
          "status": "tainted",
          "schema_version": 0,
          "attributes": {
            "allocation_id": "eipalloc-01762819b81def60a",
            "id": "nat-09821208640e0dc5d",
            "network_interface_id": null,
            "private_ip": null,
            "public_ip": null,
            "subnet_id": "subnet-002da1e3e54119b81",
            "tags": {
              "Environment": "dev",
              "Name": "nat-gw-az3"
            }
          },
          "private": "bnVsbA==",
          "dependencies": [
            "aws_eip.backend-eip-az3",
            "aws_subnet.backend-subnet"
          ]
        }
      ]
    },
    {
      "mode": "managed",
      "type": "aws_subnet",
      "name": "backend-subnet",
      "each": "map",
      "provider": "provider.aws",
      "instances": [
        {
          "index_key": "az1",
          "schema_version": 1,
          "attributes": {
            "arn": "arn:aws:ec2:ap-southeast-2:773114618884:subnet/subnet-0b1eeedf8384535c2",
            "assign_ipv6_address_on_creation": false,
            "availability_zone": "ap-southeast-2a",
            "availability_zone_id": "apse2-az3",
            "cidr_block": "10.129.0.0/24",
            "id": "subnet-0b1eeedf8384535c2",
            "ipv6_cidr_block": "",
            "ipv6_cidr_block_association_id": "",
            "map_public_ip_on_launch": false,
            "owner_id": "773114618884",
            "tags": {
              "Environment": "dev",
              "Name": "backend-subnet-a"
            },
            "timeouts": null,
            "vpc_id": "vpc-09291daa38d888cac"
          },
          "private": "eyJlMmJmYjczMC1lY2FhLTExZTYtOGY4OC0zNDM2M2JjN2M0YzAiOnsiY3JlYXRlIjo2MDAwMDAwMDAwMDAsImRlbGV0ZSI6MTIwMDAwMDAwMDAwMH0sInNjaGVtYV92ZXJzaW9uIjoiMSJ9",
          "dependencies": [
            "aws_vpc.backend-vpc"
          ]
        },
        {
          "index_key": "az2",
          "schema_version": 1,
          "attributes": {
            "arn": "arn:aws:ec2:ap-southeast-2:773114618884:subnet/subnet-0241a3e322523dff5",
            "assign_ipv6_address_on_creation": false,
            "availability_zone": "ap-southeast-2b",
            "availability_zone_id": "apse2-az1",
            "cidr_block": "10.129.4.0/24",
            "id": "subnet-0241a3e322523dff5",
            "ipv6_cidr_block": "",
            "ipv6_cidr_block_association_id": "",
            "map_public_ip_on_launch": false,
            "owner_id": "773114618884",
            "tags": {
              "Environment": "dev",
              "Name": "backend-subnet-b"
            },
            "timeouts": null,
            "vpc_id": "vpc-09291daa38d888cac"
          },
          "private": "eyJlMmJmYjczMC1lY2FhLTExZTYtOGY4OC0zNDM2M2JjN2M0YzAiOnsiY3JlYXRlIjo2MDAwMDAwMDAwMDAsImRlbGV0ZSI6MTIwMDAwMDAwMDAwMH0sInNjaGVtYV92ZXJzaW9uIjoiMSJ9",
          "dependencies": [
            "aws_vpc.backend-vpc"
          ]
        },
        {
          "index_key": "az3",
          "schema_version": 1,
          "attributes": {
            "arn": "arn:aws:ec2:ap-southeast-2:773114618884:subnet/subnet-002da1e3e54119b81",
            "assign_ipv6_address_on_creation": false,
            "availability_zone": "ap-southeast-2c",
            "availability_zone_id": "apse2-az2",
            "cidr_block": "10.129.8.0/24",
            "id": "subnet-002da1e3e54119b81",
            "ipv6_cidr_block": "",
            "ipv6_cidr_block_association_id": "",
            "map_public_ip_on_launch": false,
            "owner_id": "773114618884",
            "tags": {
              "Environment": "dev",
              "Name": "backend-subnet-c"
            },
            "timeouts": null,
            "vpc_id": "vpc-09291daa38d888cac"
          },
          "private": "eyJlMmJmYjczMC1lY2FhLTExZTYtOGY4OC0zNDM2M2JjN2M0YzAiOnsiY3JlYXRlIjo2MDAwMDAwMDAwMDAsImRlbGV0ZSI6MTIwMDAwMDAwMDAwMH0sInNjaGVtYV92ZXJzaW9uIjoiMSJ9",
          "dependencies": [
            "aws_vpc.backend-vpc"
          ]
        }
      ]
    },
    {
      "mode": "managed",
      "type": "aws_subnet",
      "name": "frontend-subnet",
      "each": "map",
      "provider": "provider.aws",
      "instances": [
        {
          "index_key": "az1",
          "schema_version": 1,
          "attributes": {
            "arn": "arn:aws:ec2:ap-southeast-2:773114618884:subnet/subnet-0b689efe5c32b41ad",
            "assign_ipv6_address_on_creation": false,
            "availability_zone": "ap-southeast-2a",
            "availability_zone_id": "apse2-az3",
            "cidr_block": "10.128.0.0/24",
            "id": "subnet-0b689efe5c32b41ad",
            "ipv6_cidr_block": "",
            "ipv6_cidr_block_association_id": "",
            "map_public_ip_on_launch": false,
            "owner_id": "773114618884",
            "tags": {
              "Environment": "dev",
              "Name": "frontend-subnet-a"
            },
            "timeouts": null,
            "vpc_id": "vpc-0e2a8b3b0253d61e9"
          },
          "private": "eyJlMmJmYjczMC1lY2FhLTExZTYtOGY4OC0zNDM2M2JjN2M0YzAiOnsiY3JlYXRlIjo2MDAwMDAwMDAwMDAsImRlbGV0ZSI6MTIwMDAwMDAwMDAwMH0sInNjaGVtYV92ZXJzaW9uIjoiMSJ9",
          "dependencies": [
            "aws_vpc.frontend-vpc"
          ]
        },
        {
          "index_key": "az2",
          "schema_version": 1,
          "attributes": {
            "arn": "arn:aws:ec2:ap-southeast-2:773114618884:subnet/subnet-0bf52ed5e4bd341e1",
            "assign_ipv6_address_on_creation": false,
            "availability_zone": "ap-southeast-2b",
            "availability_zone_id": "apse2-az1",
            "cidr_block": "10.128.4.0/24",
            "id": "subnet-0bf52ed5e4bd341e1",
            "ipv6_cidr_block": "",
            "ipv6_cidr_block_association_id": "",
            "map_public_ip_on_launch": false,
            "owner_id": "773114618884",
            "tags": {
              "Environment": "dev",
              "Name": "frontend-subnet-b"
            },
            "timeouts": null,
            "vpc_id": "vpc-0e2a8b3b0253d61e9"
          },
          "private": "eyJlMmJmYjczMC1lY2FhLTExZTYtOGY4OC0zNDM2M2JjN2M0YzAiOnsiY3JlYXRlIjo2MDAwMDAwMDAwMDAsImRlbGV0ZSI6MTIwMDAwMDAwMDAwMH0sInNjaGVtYV92ZXJzaW9uIjoiMSJ9",
          "dependencies": [
            "aws_vpc.frontend-vpc"
          ]
        },
        {
          "index_key": "az3",
          "schema_version": 1,
          "attributes": {
            "arn": "arn:aws:ec2:ap-southeast-2:773114618884:subnet/subnet-0b8fefa9646da6c2b",
            "assign_ipv6_address_on_creation": false,
            "availability_zone": "ap-southeast-2c",
            "availability_zone_id": "apse2-az2",
            "cidr_block": "10.128.8.0/24",
            "id": "subnet-0b8fefa9646da6c2b",
            "ipv6_cidr_block": "",
            "ipv6_cidr_block_association_id": "",
            "map_public_ip_on_launch": false,
            "owner_id": "773114618884",
            "tags": {
              "Environment": "dev",
              "Name": "frontend-subnet-c"
            },
            "timeouts": null,
            "vpc_id": "vpc-0e2a8b3b0253d61e9"
          },
          "private": "eyJlMmJmYjczMC1lY2FhLTExZTYtOGY4OC0zNDM2M2JjN2M0YzAiOnsiY3JlYXRlIjo2MDAwMDAwMDAwMDAsImRlbGV0ZSI6MTIwMDAwMDAwMDAwMH0sInNjaGVtYV92ZXJzaW9uIjoiMSJ9",
          "dependencies": [
            "aws_vpc.frontend-vpc"
          ]
        }
      ]
    },
    {
      "mode": "managed",
      "type": "aws_vpc",
      "name": "backend-vpc",
      "provider": "provider.aws",
      "instances": [
        {
          "schema_version": 1,
          "attributes": {
            "arn": "arn:aws:ec2:ap-southeast-2:773114618884:vpc/vpc-09291daa38d888cac",
            "assign_generated_ipv6_cidr_block": false,
            "cidr_block": "10.129.0.0/16",
            "default_network_acl_id": "acl-006429ca22014088a",
            "default_route_table_id": "rtb-0e6cc7cb645ee2cf6",
            "default_security_group_id": "sg-0a09ce9a80629b05a",
            "dhcp_options_id": "dopt-e885938a",
            "enable_classiclink": false,
            "enable_classiclink_dns_support": false,
            "enable_dns_hostnames": true,
            "enable_dns_support": true,
            "id": "vpc-09291daa38d888cac",
            "instance_tenancy": "default",
            "ipv6_association_id": "",
            "ipv6_cidr_block": "",
            "main_route_table_id": "rtb-0e6cc7cb645ee2cf6",
            "owner_id": "773114618884",
            "tags": {
              "Environment": "dev",
              "Name": "backend-vpc"
            }
          },
          "private": "eyJzY2hlbWFfdmVyc2lvbiI6IjEifQ=="
        }
      ]
    },
    {
      "mode": "managed",
      "type": "aws_vpc",
      "name": "frontend-vpc",
      "provider": "provider.aws",
      "instances": [
        {
          "schema_version": 1,
          "attributes": {
            "arn": "arn:aws:ec2:ap-southeast-2:773114618884:vpc/vpc-0e2a8b3b0253d61e9",
            "assign_generated_ipv6_cidr_block": false,
            "cidr_block": "10.128.0.0/16",
            "default_network_acl_id": "acl-07ae0d3381232cf56",
            "default_route_table_id": "rtb-091677880fd7427f0",
            "default_security_group_id": "sg-0386b2ed7b3a250e8",
            "dhcp_options_id": "dopt-e885938a",
            "enable_classiclink": false,
            "enable_classiclink_dns_support": false,
            "enable_dns_hostnames": true,
            "enable_dns_support": true,
            "id": "vpc-0e2a8b3b0253d61e9",
            "instance_tenancy": "default",
            "ipv6_association_id": "",
            "ipv6_cidr_block": "",
            "main_route_table_id": "rtb-091677880fd7427f0",
            "owner_id": "773114618884",
            "tags": {
              "Environment": "dev",
              "Name": "frontend-vpc"
            }
          },
          "private": "eyJzY2hlbWFfdmVyc2lvbiI6IjEifQ=="
        }
      ]
    },
    {
      "mode": "managed",
      "type": "aws_vpc_peering_connection",
      "name": "frontend-backend",
      "provider": "provider.aws",
      "instances": [
        {
          "schema_version": 0,
          "attributes": {
            "accept_status": "active",
            "accepter": [
              {
                "allow_classic_link_to_remote_vpc": false,
                "allow_remote_vpc_dns_resolution": true,
                "allow_vpc_to_remote_classic_link": false
              }
            ],
            "auto_accept": true,
            "id": "pcx-04b4baa8774f061e4",
            "peer_owner_id": "773114618884",
            "peer_region": "ap-southeast-2",
            "peer_vpc_id": "vpc-09291daa38d888cac",
            "requester": [
              {
                "allow_classic_link_to_remote_vpc": false,
                "allow_remote_vpc_dns_resolution": true,
                "allow_vpc_to_remote_classic_link": false
              }
            ],
            "tags": {
              "Environment": "dev",
              "Name": "frontend-backend-peering"
            },
            "timeouts": null,
            "vpc_id": "vpc-0e2a8b3b0253d61e9"
          },
          "private": "eyJlMmJmYjczMC1lY2FhLTExZTYtOGY4OC0zNDM2M2JjN2M0YzAiOnsiY3JlYXRlIjo2MDAwMDAwMDAwMCwiZGVsZXRlIjo2MDAwMDAwMDAwMCwidXBkYXRlIjo2MDAwMDAwMDAwMH19",
          "dependencies": [
            "aws_vpc.backend-vpc",
            "aws_vpc.frontend-vpc"
          ]
        }
      ]
    }
  ]
}
