{
  "version": 4,
  "terraform_version": "0.12.16",
  "serial": 84,
  "lineage": "74d0115a-5950-84f7-0b18-8bb43167d853",
  "outputs": {},
  "resources": [
    {
      "mode": "managed",
      "type": "aws_eip",
      "name": "backend-eip-az1",
      "provider": "provider.aws",
      "instances": [
        {
          "schema_version": 0,
          "attributes": {
            "allocation_id": null,
            "associate_with_private_ip": null,
            "association_id": "",
            "domain": "vpc",
            "id": "eipalloc-09625515ada445fbb",
            "instance": "",
            "network_interface": "",
            "private_dns": null,
            "private_ip": "",
            "public_dns": "ec2-3-25-29-179.ap-southeast-2.compute.amazonaws.com",
            "public_ip": "3.25.29.179",
            "public_ipv4_pool": "amazon",
            "tags": {
              "Environment": "dev",
              "Name": "nat-gw-eip-az1"
            },
            "timeouts": null,
            "vpc": true
          },
          "private": "eyJlMmJmYjczMC1lY2FhLTExZTYtOGY4OC0zNDM2M2JjN2M0YzAiOnsiZGVsZXRlIjoxODAwMDAwMDAwMDAsInJlYWQiOjkwMDAwMDAwMDAwMCwidXBkYXRlIjozMDAwMDAwMDAwMDB9fQ==",
          "dependencies": [
            "aws_subnet.backend-subnet",
            "aws_vpc.backend-vpc"
          ]
        }
      ]
    },
    {
      "mode": "managed",
      "type": "aws_eip",
      "name": "backend-eip-az2",
      "provider": "provider.aws",
      "instances": [
        {
          "schema_version": 0,
          "attributes": {
            "allocation_id": null,
            "associate_with_private_ip": null,
            "association_id": "",
            "domain": "vpc",
            "id": "eipalloc-02287555eb4e1371e",
            "instance": "",
            "network_interface": "",
            "private_dns": null,
            "private_ip": "",
            "public_dns": "ec2-13-238-210-31.ap-southeast-2.compute.amazonaws.com",
            "public_ip": "13.238.210.31",
            "public_ipv4_pool": "amazon",
            "tags": {
              "Environment": "dev",
              "Name": "nat-gw-eip-az2"
            },
            "timeouts": null,
            "vpc": true
          },
          "private": "eyJlMmJmYjczMC1lY2FhLTExZTYtOGY4OC0zNDM2M2JjN2M0YzAiOnsiZGVsZXRlIjoxODAwMDAwMDAwMDAsInJlYWQiOjkwMDAwMDAwMDAwMCwidXBkYXRlIjozMDAwMDAwMDAwMDB9fQ==",
          "dependencies": [
            "aws_subnet.backend-subnet",
            "aws_vpc.backend-vpc"
          ]
        }
      ]
    },
    {
      "mode": "managed",
      "type": "aws_eip",
      "name": "backend-eip-az3",
      "provider": "provider.aws",
      "instances": [
        {
          "schema_version": 0,
          "attributes": {
            "allocation_id": null,
            "associate_with_private_ip": null,
            "association_id": "",
            "domain": "vpc",
            "id": "eipalloc-0dd2228ad45d52495",
            "instance": "",
            "network_interface": "",
            "private_dns": null,
            "private_ip": "",
            "public_dns": "ec2-3-106-148-83.ap-southeast-2.compute.amazonaws.com",
            "public_ip": "3.106.148.83",
            "public_ipv4_pool": "amazon",
            "tags": {
              "Environment": "dev",
              "Name": "nat-gw-eip-az3"
            },
            "timeouts": null,
            "vpc": true
          },
          "private": "eyJlMmJmYjczMC1lY2FhLTExZTYtOGY4OC0zNDM2M2JjN2M0YzAiOnsiZGVsZXRlIjoxODAwMDAwMDAwMDAsInJlYWQiOjkwMDAwMDAwMDAwMCwidXBkYXRlIjozMDAwMDAwMDAwMDB9fQ==",
          "dependencies": [
            "aws_subnet.backend-subnet",
            "aws_vpc.backend-vpc"
          ]
        }
      ]
    },
    {
      "mode": "managed",
      "type": "aws_iam_group",
      "name": "test-group",
      "provider": "provider.aws",
      "instances": [
        {
          "schema_version": 0,
          "attributes": {
            "arn": "arn:aws:iam::773114618884:group/test-group",
            "id": "test-group",
            "name": "test-group",
            "path": "/",
            "unique_id": "AGPA3IAJY4QCJNN7CVB7E"
          },
          "private": "bnVsbA=="
        }
      ]
    },
    {
      "mode": "managed",
      "type": "aws_iam_group_membership",
      "name": "test-users-membership",
      "provider": "provider.aws",
      "instances": [
        {
          "schema_version": 0,
          "attributes": {
            "group": "test-group",
            "id": "test-group",
            "name": "test-group",
            "users": [
              "test-user-1",
              "test-user-2",
              "test-user-3"
            ]
          },
          "private": "bnVsbA==",
          "dependencies": [
            "aws_iam_group.test-group",
            "aws_iam_user.test-users"
          ]
        }
      ]
    },
    {
      "mode": "managed",
      "type": "aws_iam_group_policy_attachment",
      "name": "attach-test-group-custom-policy",
      "provider": "provider.aws",
      "instances": [
        {
          "schema_version": 0,
          "attributes": {
            "group": "test-group",
            "id": "test-group-20200425045359593100000003",
            "policy_arn": "arn:aws:iam::773114618884:policy/LightsailFullAccess"
          },
          "private": "bnVsbA==",
          "dependencies": [
            "aws_iam_group.test-group",
            "aws_iam_policy.test-group-custom-policy"
          ]
        }
      ]
    },
    {
      "mode": "managed",
      "type": "aws_iam_group_policy_attachment",
      "name": "attach-test-group-managed-policy",
      "each": "list",
      "provider": "provider.aws",
      "instances": [
        {
          "index_key": 0,
          "schema_version": 0,
          "attributes": {
            "group": "test-group",
            "id": "test-group-20200425045355708900000001",
            "policy_arn": "arn:aws:iam::aws:policy/AmazonEC2FullAccess"
          },
          "private": "bnVsbA==",
          "dependencies": [
            "aws_iam_group.test-group"
          ]
        },
        {
          "index_key": 1,
          "schema_version": 0,
          "attributes": {
            "group": "test-group",
            "id": "test-group-20200425045355736000000002",
            "policy_arn": "arn:aws:iam::aws:policy/IAMFullAccess"
          },
          "private": "bnVsbA==",
          "dependencies": [
            "aws_iam_group.test-group"
          ]
        }
      ]
    },
    {
      "mode": "managed",
      "type": "aws_iam_policy",
      "name": "test-group-custom-policy",
      "provider": "provider.aws",
      "instances": [
        {
          "schema_version": 0,
          "attributes": {
            "arn": "arn:aws:iam::773114618884:policy/LightsailFullAccess",
            "description": "",
            "id": "arn:aws:iam::773114618884:policy/LightsailFullAccess",
            "name": "LightsailFullAccess",
            "name_prefix": null,
            "path": "/",
            "policy": "{\n  \"Version\": \"2012-10-17\",\n  \"Statement\": [\n    {\n      \"Effect\": \"Allow\",\n      \"Action\": [\n        \"lightsail:*\"\n    ],\n    \"Resource\": \"*\"\n    }\n  ]\n}\n"
          },
          "private": "bnVsbA==",
          "dependencies": [
            "aws_iam_group.test-group"
          ]
        }
      ]
    },
    {
      "mode": "managed",
      "type": "aws_iam_user",
      "name": "test-users",
      "each": "list",
      "provider": "provider.aws",
      "instances": [
        {
          "index_key": 0,
          "schema_version": 0,
          "attributes": {
            "arn": "arn:aws:iam::773114618884:user/test-user-1",
            "force_destroy": false,
            "id": "test-user-1",
            "name": "test-user-1",
            "path": "/",
            "permissions_boundary": null,
            "tags": {},
            "unique_id": "AIDA3IAJY4QCCDG56FGMJ"
          },
          "private": "bnVsbA=="
        },
        {
          "index_key": 1,
          "schema_version": 0,
          "attributes": {
            "arn": "arn:aws:iam::773114618884:user/test-user-2",
            "force_destroy": false,
            "id": "test-user-2",
            "name": "test-user-2",
            "path": "/",
            "permissions_boundary": null,
            "tags": {},
            "unique_id": "AIDA3IAJY4QCBVSUJTVRM"
          },
          "private": "bnVsbA=="
        },
        {
          "index_key": 2,
          "schema_version": 0,
          "attributes": {
            "arn": "arn:aws:iam::773114618884:user/test-user-3",
            "force_destroy": false,
            "id": "test-user-3",
            "name": "test-user-3",
            "path": "/",
            "permissions_boundary": null,
            "tags": {},
            "unique_id": "AIDA3IAJY4QCOLOK5I7ZD"
          },
          "private": "bnVsbA=="
        }
      ]
    },
    {
      "mode": "managed",
      "type": "aws_internet_gateway",
      "name": "frontend-internet-gateway",
      "provider": "provider.aws",
      "instances": [
        {
          "schema_version": 0,
          "attributes": {
            "id": "igw-088b70c9cc746a485",
            "owner_id": "773114618884",
            "tags": {
              "Environment": "dev",
              "Name": "frontend-internet-gateway"
            },
            "vpc_id": "vpc-030097e7d6f68f266"
          },
          "private": "bnVsbA==",
          "dependencies": [
            "aws_vpc.frontend-vpc"
          ]
        }
      ]
    },
    {
      "mode": "managed",
      "type": "aws_key_pair",
      "name": "key_pairs",
      "each": "map",
      "provider": "provider.aws",
      "instances": [
        {
          "index_key": "user1",
          "schema_version": 1,
          "attributes": {
            "fingerprint": "29:84:8d:1d:54:52:db:b8:29:f8:24:d9:fd:d4:3d:af",
            "id": "user1",
            "key_name": "user1",
            "key_name_prefix": null,
            "key_pair_id": "key-069ff5e2f74209ddd",
            "public_key": "ssh-rsa AAAAB3NzaC1yc2EAAAADAQABAAABAQC0k4xVUwlk9I+ZxHb4w1YJVxgMgpuWyB57ReZQ7Q15si0jQ63zxlVBg3LSOi/jy1P2HEKA4v6v8zkLpAKa0LA8+MmS7sik5ShYx1vNelGsaUv30JwiJDR0NMWYR9H9JfyopbJ0lcqDETvQEUnseriycx8WyC1Q9uUJAl0sYdseG7dtrXBUWviqYCoKLEer7nQ5FP4eDUQWBLxV4ys4CVdvkqRSeXgslQHaBnTUP4ReUC8iSyAHFAo26UT0JuMdmVNhsydqEedwNBBjWxJTrjCX/EvcZDIkstvW9IVo7xBmUOBp/DNQbFWw/Lt/x1BrR1CyGnGNpV9wwHLECspTrGUl user1",
            "tags": {}
          },
          "private": "eyJzY2hlbWFfdmVyc2lvbiI6IjEifQ=="
        },
        {
          "index_key": "user2",
          "schema_version": 1,
          "attributes": {
            "fingerprint": "6b:cd:5e:3f:86:36:67:cc:99:6b:02:62:44:d2:34:5c",
            "id": "user2",
            "key_name": "user2",
            "key_name_prefix": null,
            "key_pair_id": "key-021aacb1b3c187617",
            "public_key": "ssh-rsa AAAAB3NzaC1yc2EAAAADAQABAAABAQCsUQhrhAymHDNQ8EaQIIzCvJhquF1swL6PRqyEhE/hHJvlOmKBk5oc8N5MnBUXRYQjbhXV1Qezs1oRYxO3x7RQ5WqdDFsnVFPHL9WjyqGniC152j173+RW+7Aknp+phaKZGIyZyQYcDTlsOIXh679uHq1E3W6ZaHs1mpa9R6VKEjoVatPfEs4PtxTkhx8x009GxEPTluR8fkeyAJ68Z8uiZbxaTigtwNABKp8XqmD6ogx6LKjwWBPiBUEBRcfY0KBBvJpMnFchj88B1QcdKYd801ow3DkHKu3SnsWj57Cmlywm3o5ZUzFYCymvVEPMfhv0DbAFx4E5FGTQW9mmltBV user2",
            "tags": {}
          },
          "private": "eyJzY2hlbWFfdmVyc2lvbiI6IjEifQ=="
        }
      ]
    },
    {
      "mode": "managed",
      "type": "aws_security_group",
      "name": "allow-bastion-ssh",
      "provider": "provider.aws",
      "instances": [
        {
          "schema_version": 1,
          "attributes": {
            "arn": "arn:aws:ec2:ap-southeast-2:773114618884:security-group/sg-070d4bcbd823e75f7",
            "description": "allow-bastion-ssh",
            "egress": [],
            "id": "sg-070d4bcbd823e75f7",
            "ingress": [
              {
                "cidr_blocks": [
                  "10.128.0.254/32"
                ],
                "description": "",
                "from_port": 22,
                "ipv6_cidr_blocks": [],
                "prefix_list_ids": [],
                "protocol": "tcp",
                "security_groups": [],
                "self": false,
                "to_port": 22
              }
            ],
            "name": "allow-bastion-ssh",
            "name_prefix": null,
            "owner_id": "773114618884",
            "revoke_rules_on_delete": false,
            "tags": {},
            "timeouts": null,
            "vpc_id": "vpc-07d183be71c33c10a"
          },
          "private": "eyJlMmJmYjczMC1lY2FhLTExZTYtOGY4OC0zNDM2M2JjN2M0YzAiOnsiY3JlYXRlIjo2MDAwMDAwMDAwMDAsImRlbGV0ZSI6NjAwMDAwMDAwMDAwfSwic2NoZW1hX3ZlcnNpb24iOiIxIn0=",
          "dependencies": [
            "aws_vpc.backend-vpc"
          ]
        }
      ]
    },
    {
      "mode": "managed",
      "type": "aws_security_group",
      "name": "allow-public-web",
      "provider": "provider.aws",
      "instances": [
        {
          "schema_version": 1,
          "attributes": {
            "arn": "arn:aws:ec2:ap-southeast-2:773114618884:security-group/sg-0e4226cd1ea4834d8",
            "description": "allow-public-web",
            "egress": [],
            "id": "sg-0e4226cd1ea4834d8",
            "ingress": [
              {
                "cidr_blocks": [
                  "0.0.0.0/0"
                ],
                "description": "",
                "from_port": 443,
                "ipv6_cidr_blocks": [],
                "prefix_list_ids": [],
                "protocol": "tcp",
                "security_groups": [],
                "self": false,
                "to_port": 443
              },
              {
                "cidr_blocks": [
                  "0.0.0.0/0"
                ],
                "description": "",
                "from_port": 80,
                "ipv6_cidr_blocks": [],
                "prefix_list_ids": [],
                "protocol": "tcp",
                "security_groups": [],
                "self": false,
                "to_port": 80
              }
            ],
            "name": "allow-public-web",
            "name_prefix": null,
            "owner_id": "773114618884",
            "revoke_rules_on_delete": false,
            "tags": {},
            "timeouts": null,
            "vpc_id": "vpc-030097e7d6f68f266"
          },
          "private": "eyJlMmJmYjczMC1lY2FhLTExZTYtOGY4OC0zNDM2M2JjN2M0YzAiOnsiY3JlYXRlIjo2MDAwMDAwMDAwMDAsImRlbGV0ZSI6NjAwMDAwMDAwMDAwfSwic2NoZW1hX3ZlcnNpb24iOiIxIn0=",
          "dependencies": [
            "aws_vpc.frontend-vpc"
          ]
        }
      ]
    },
    {
      "mode": "managed",
      "type": "aws_security_group",
      "name": "allow-restricted-ssh",
      "provider": "provider.aws",
      "instances": [
        {
          "schema_version": 1,
          "attributes": {
            "arn": "arn:aws:ec2:ap-southeast-2:773114618884:security-group/sg-09d5320ace06fe74e",
            "description": "allow-restricted-ssh",
            "egress": [],
            "id": "sg-09d5320ace06fe74e",
            "ingress": [
              {
                "cidr_blocks": [
                  "0.0.0.0/0"
                ],
                "description": "",
                "from_port": 22,
                "ipv6_cidr_blocks": [],
                "prefix_list_ids": [],
                "protocol": "tcp",
                "security_groups": [],
                "self": false,
                "to_port": 22
              }
            ],
            "name": "allow-restricted-ssh",
            "name_prefix": null,
            "owner_id": "773114618884",
            "revoke_rules_on_delete": false,
            "tags": {},
            "timeouts": null,
            "vpc_id": "vpc-030097e7d6f68f266"
          },
          "private": "eyJlMmJmYjczMC1lY2FhLTExZTYtOGY4OC0zNDM2M2JjN2M0YzAiOnsiY3JlYXRlIjo2MDAwMDAwMDAwMDAsImRlbGV0ZSI6NjAwMDAwMDAwMDAwfSwic2NoZW1hX3ZlcnNpb24iOiIxIn0=",
          "dependencies": [
            "aws_vpc.frontend-vpc"
          ]
        }
      ]
    },
    {
      "mode": "managed",
      "type": "aws_security_group",
      "name": "allow-restricted-web",
      "provider": "provider.aws",
      "instances": [
        {
          "schema_version": 1,
          "attributes": {
            "arn": "arn:aws:ec2:ap-southeast-2:773114618884:security-group/sg-0ceb1372ba5aa6571",
            "description": "allow-restricted-web",
            "egress": [],
            "id": "sg-0ceb1372ba5aa6571",
            "ingress": [
              {
                "cidr_blocks": [
                  "10.128.0.0/22",
                  "10.129.0.0/22"
                ],
                "description": "",
                "from_port": 80,
                "ipv6_cidr_blocks": [],
                "prefix_list_ids": [],
                "protocol": "tcp",
                "security_groups": [],
                "self": false,
                "to_port": 80
              }
            ],
            "name": "allow-restricted-web",
            "name_prefix": null,
            "owner_id": "773114618884",
            "revoke_rules_on_delete": false,
            "tags": {},
            "timeouts": null,
            "vpc_id": "vpc-07d183be71c33c10a"
          },
          "private": "eyJlMmJmYjczMC1lY2FhLTExZTYtOGY4OC0zNDM2M2JjN2M0YzAiOnsiY3JlYXRlIjo2MDAwMDAwMDAwMDAsImRlbGV0ZSI6NjAwMDAwMDAwMDAwfSwic2NoZW1hX3ZlcnNpb24iOiIxIn0=",
          "dependencies": [
            "aws_vpc.backend-vpc"
          ]
        }
      ]
    },
    {
      "mode": "managed",
      "type": "aws_security_group_rule",
      "name": "allow-bastion-ssh",
      "provider": "provider.aws",
      "instances": [
        {
          "schema_version": 2,
          "attributes": {
            "cidr_blocks": [
              "10.128.0.254/32"
            ],
            "description": "",
            "from_port": 22,
            "id": "sgrule-1889822032",
            "ipv6_cidr_blocks": [],
            "prefix_list_ids": [],
            "protocol": "tcp",
            "security_group_id": "sg-070d4bcbd823e75f7",
            "self": false,
            "source_security_group_id": null,
            "to_port": 22,
            "type": "ingress"
          },
          "private": "eyJzY2hlbWFfdmVyc2lvbiI6IjIifQ==",
          "dependencies": [
            "aws_security_group.allow-bastion-ssh"
          ]
        }
      ]
    },
    {
      "mode": "managed",
      "type": "aws_security_group_rule",
      "name": "allow-public-web",
      "each": "map",
      "provider": "provider.aws",
      "instances": [
        {
          "index_key": "0",
          "schema_version": 2,
          "attributes": {
            "cidr_blocks": [
              "0.0.0.0/0"
            ],
            "description": "",
            "from_port": 80,
            "id": "sgrule-1280586256",
            "ipv6_cidr_blocks": [],
            "prefix_list_ids": [],
            "protocol": "tcp",
            "security_group_id": "sg-0e4226cd1ea4834d8",
            "self": false,
            "source_security_group_id": null,
            "to_port": 80,
            "type": "ingress"
          },
          "private": "eyJzY2hlbWFfdmVyc2lvbiI6IjIifQ==",
          "dependencies": [
            "aws_security_group.allow-public-web"
          ]
        },
        {
          "index_key": "1",
          "schema_version": 2,
          "attributes": {
            "cidr_blocks": [
              "0.0.0.0/0"
            ],
            "description": "",
            "from_port": 443,
            "id": "sgrule-607546743",
            "ipv6_cidr_blocks": [],
            "prefix_list_ids": [],
            "protocol": "tcp",
            "security_group_id": "sg-0e4226cd1ea4834d8",
            "self": false,
            "source_security_group_id": null,
            "to_port": 443,
            "type": "ingress"
          },
          "private": "eyJzY2hlbWFfdmVyc2lvbiI6IjIifQ==",
          "dependencies": [
            "aws_security_group.allow-public-web"
          ]
        }
      ]
    },
    {
      "mode": "managed",
      "type": "aws_security_group_rule",
      "name": "allow-restricted-ssh",
      "each": "map",
      "provider": "provider.aws",
      "instances": [
        {
          "index_key": "0",
          "schema_version": 2,
          "attributes": {
            "cidr_blocks": [
              "0.0.0.0/0"
            ],
            "description": "",
            "from_port": 22,
            "id": "sgrule-1647392672",
            "ipv6_cidr_blocks": [],
            "prefix_list_ids": [],
            "protocol": "tcp",
            "security_group_id": "sg-09d5320ace06fe74e",
            "self": false,
            "source_security_group_id": null,
            "to_port": 22,
            "type": "ingress"
          },
          "private": "eyJzY2hlbWFfdmVyc2lvbiI6IjIifQ==",
          "dependencies": [
            "aws_security_group.allow-restricted-ssh"
          ]
        }
      ]
    },
    {
      "mode": "managed",
      "type": "aws_security_group_rule",
      "name": "allow-restricted-web",
      "each": "map",
      "provider": "provider.aws",
      "instances": [
        {
          "index_key": "0",
          "schema_version": 2,
          "attributes": {
            "cidr_blocks": [
              "10.128.0.0/22",
              "10.129.0.0/22"
            ],
            "description": "",
            "from_port": 80,
            "id": "sgrule-2663689244",
            "ipv6_cidr_blocks": [],
            "prefix_list_ids": [],
            "protocol": "tcp",
            "security_group_id": "sg-0ceb1372ba5aa6571",
            "self": false,
            "source_security_group_id": null,
            "to_port": 80,
            "type": "ingress"
          },
          "private": "eyJzY2hlbWFfdmVyc2lvbiI6IjIifQ==",
          "dependencies": [
            "aws_security_group.allow-restricted-web"
          ]
        },
        {
          "index_key": "1",
          "schema_version": 2,
          "attributes": {
            "cidr_blocks": [
              "10.128.0.0/22",
              "10.129.0.0/22"
            ],
            "description": null,
            "from_port": 443,
            "id": "sgrule-359872990",
            "ipv6_cidr_blocks": null,
            "prefix_list_ids": null,
            "protocol": "tcp",
            "security_group_id": "sg-0ceb1372ba5aa6571",
            "self": false,
            "source_security_group_id": null,
            "to_port": 443,
            "type": "ingress"
          },
          "private": "eyJzY2hlbWFfdmVyc2lvbiI6IjIifQ==",
          "dependencies": [
            "aws_security_group.allow-restricted-web"
          ]
        }
      ]
    },
    {
      "mode": "managed",
      "type": "aws_subnet",
      "name": "backend-subnet",
      "each": "map",
      "provider": "provider.aws",
      "instances": [
        {
          "index_key": "az1",
          "schema_version": 1,
          "attributes": {
            "arn": "arn:aws:ec2:ap-southeast-2:773114618884:subnet/subnet-0ce224953b2c86c3d",
            "assign_ipv6_address_on_creation": false,
            "availability_zone": "ap-southeast-2a",
            "availability_zone_id": "apse2-az3",
            "cidr_block": "10.129.0.0/24",
            "id": "subnet-0ce224953b2c86c3d",
            "ipv6_cidr_block": "",
            "ipv6_cidr_block_association_id": "",
            "map_public_ip_on_launch": false,
            "owner_id": "773114618884",
            "tags": {
              "Environment": "dev",
              "Name": "backend-subnet-a"
            },
            "timeouts": null,
            "vpc_id": "vpc-07d183be71c33c10a"
          },
          "private": "eyJlMmJmYjczMC1lY2FhLTExZTYtOGY4OC0zNDM2M2JjN2M0YzAiOnsiY3JlYXRlIjo2MDAwMDAwMDAwMDAsImRlbGV0ZSI6MTIwMDAwMDAwMDAwMH0sInNjaGVtYV92ZXJzaW9uIjoiMSJ9",
          "dependencies": [
            "aws_vpc.backend-vpc"
          ]
        },
        {
          "index_key": "az2",
          "schema_version": 1,
          "attributes": {
            "arn": "arn:aws:ec2:ap-southeast-2:773114618884:subnet/subnet-019a879a826408925",
            "assign_ipv6_address_on_creation": false,
            "availability_zone": "ap-southeast-2b",
            "availability_zone_id": "apse2-az1",
            "cidr_block": "10.129.4.0/24",
            "id": "subnet-019a879a826408925",
            "ipv6_cidr_block": "",
            "ipv6_cidr_block_association_id": "",
            "map_public_ip_on_launch": false,
            "owner_id": "773114618884",
            "tags": {
              "Environment": "dev",
              "Name": "backend-subnet-b"
            },
            "timeouts": null,
            "vpc_id": "vpc-07d183be71c33c10a"
          },
          "private": "eyJlMmJmYjczMC1lY2FhLTExZTYtOGY4OC0zNDM2M2JjN2M0YzAiOnsiY3JlYXRlIjo2MDAwMDAwMDAwMDAsImRlbGV0ZSI6MTIwMDAwMDAwMDAwMH0sInNjaGVtYV92ZXJzaW9uIjoiMSJ9",
          "dependencies": [
            "aws_vpc.backend-vpc"
          ]
        },
        {
          "index_key": "az3",
          "schema_version": 1,
          "attributes": {
            "arn": "arn:aws:ec2:ap-southeast-2:773114618884:subnet/subnet-0f6e1fd49f538515e",
            "assign_ipv6_address_on_creation": false,
            "availability_zone": "ap-southeast-2c",
            "availability_zone_id": "apse2-az2",
            "cidr_block": "10.129.8.0/24",
            "id": "subnet-0f6e1fd49f538515e",
            "ipv6_cidr_block": "",
            "ipv6_cidr_block_association_id": "",
            "map_public_ip_on_launch": false,
            "owner_id": "773114618884",
            "tags": {
              "Environment": "dev",
              "Name": "backend-subnet-c"
            },
            "timeouts": null,
            "vpc_id": "vpc-07d183be71c33c10a"
          },
          "private": "eyJlMmJmYjczMC1lY2FhLTExZTYtOGY4OC0zNDM2M2JjN2M0YzAiOnsiY3JlYXRlIjo2MDAwMDAwMDAwMDAsImRlbGV0ZSI6MTIwMDAwMDAwMDAwMH0sInNjaGVtYV92ZXJzaW9uIjoiMSJ9",
          "dependencies": [
            "aws_vpc.backend-vpc"
          ]
        }
      ]
    },
    {
      "mode": "managed",
      "type": "aws_subnet",
      "name": "frontend-subnet",
      "each": "map",
      "provider": "provider.aws",
      "instances": [
        {
          "index_key": "az1",
          "schema_version": 1,
          "attributes": {
            "arn": "arn:aws:ec2:ap-southeast-2:773114618884:subnet/subnet-07d59b46b2f4cfd8a",
            "assign_ipv6_address_on_creation": false,
            "availability_zone": "ap-southeast-2a",
            "availability_zone_id": "apse2-az3",
            "cidr_block": "10.128.0.0/24",
            "id": "subnet-07d59b46b2f4cfd8a",
            "ipv6_cidr_block": "",
            "ipv6_cidr_block_association_id": "",
            "map_public_ip_on_launch": false,
            "owner_id": "773114618884",
            "tags": {
              "Environment": "dev",
              "Name": "frontend-subnet-a"
            },
            "timeouts": null,
            "vpc_id": "vpc-030097e7d6f68f266"
          },
          "private": "eyJlMmJmYjczMC1lY2FhLTExZTYtOGY4OC0zNDM2M2JjN2M0YzAiOnsiY3JlYXRlIjo2MDAwMDAwMDAwMDAsImRlbGV0ZSI6MTIwMDAwMDAwMDAwMH0sInNjaGVtYV92ZXJzaW9uIjoiMSJ9",
          "dependencies": [
            "aws_vpc.frontend-vpc"
          ]
        },
        {
          "index_key": "az2",
          "schema_version": 1,
          "attributes": {
            "arn": "arn:aws:ec2:ap-southeast-2:773114618884:subnet/subnet-00abbee57d7332317",
            "assign_ipv6_address_on_creation": false,
            "availability_zone": "ap-southeast-2b",
            "availability_zone_id": "apse2-az1",
            "cidr_block": "10.128.4.0/24",
            "id": "subnet-00abbee57d7332317",
            "ipv6_cidr_block": "",
            "ipv6_cidr_block_association_id": "",
            "map_public_ip_on_launch": false,
            "owner_id": "773114618884",
            "tags": {
              "Environment": "dev",
              "Name": "frontend-subnet-b"
            },
            "timeouts": null,
            "vpc_id": "vpc-030097e7d6f68f266"
          },
          "private": "eyJlMmJmYjczMC1lY2FhLTExZTYtOGY4OC0zNDM2M2JjN2M0YzAiOnsiY3JlYXRlIjo2MDAwMDAwMDAwMDAsImRlbGV0ZSI6MTIwMDAwMDAwMDAwMH0sInNjaGVtYV92ZXJzaW9uIjoiMSJ9",
          "dependencies": [
            "aws_vpc.frontend-vpc"
          ]
        },
        {
          "index_key": "az3",
          "schema_version": 1,
          "attributes": {
            "arn": "arn:aws:ec2:ap-southeast-2:773114618884:subnet/subnet-025af05c9ee836408",
            "assign_ipv6_address_on_creation": false,
            "availability_zone": "ap-southeast-2c",
            "availability_zone_id": "apse2-az2",
            "cidr_block": "10.128.8.0/24",
            "id": "subnet-025af05c9ee836408",
            "ipv6_cidr_block": "",
            "ipv6_cidr_block_association_id": "",
            "map_public_ip_on_launch": false,
            "owner_id": "773114618884",
            "tags": {
              "Environment": "dev",
              "Name": "frontend-subnet-c"
            },
            "timeouts": null,
            "vpc_id": "vpc-030097e7d6f68f266"
          },
          "private": "eyJlMmJmYjczMC1lY2FhLTExZTYtOGY4OC0zNDM2M2JjN2M0YzAiOnsiY3JlYXRlIjo2MDAwMDAwMDAwMDAsImRlbGV0ZSI6MTIwMDAwMDAwMDAwMH0sInNjaGVtYV92ZXJzaW9uIjoiMSJ9",
          "dependencies": [
            "aws_vpc.frontend-vpc"
          ]
        }
      ]
    },
    {
      "mode": "managed",
      "type": "aws_vpc",
      "name": "backend-vpc",
      "provider": "provider.aws",
      "instances": [
        {
          "schema_version": 1,
          "attributes": {
            "arn": "arn:aws:ec2:ap-southeast-2:773114618884:vpc/vpc-07d183be71c33c10a",
            "assign_generated_ipv6_cidr_block": false,
            "cidr_block": "10.129.0.0/16",
            "default_network_acl_id": "acl-08bcc7b3e15618f3d",
            "default_route_table_id": "rtb-0eb38127427f7544e",
            "default_security_group_id": "sg-035f4fcf44c1f035f",
            "dhcp_options_id": "dopt-e885938a",
            "enable_classiclink": false,
            "enable_classiclink_dns_support": false,
            "enable_dns_hostnames": true,
            "enable_dns_support": true,
            "id": "vpc-07d183be71c33c10a",
            "instance_tenancy": "default",
            "ipv6_association_id": "",
            "ipv6_cidr_block": "",
            "main_route_table_id": "rtb-0eb38127427f7544e",
            "owner_id": "773114618884",
            "tags": {
              "Environment": "dev",
              "Name": "backend-vpc"
            }
          },
          "private": "eyJzY2hlbWFfdmVyc2lvbiI6IjEifQ=="
        }
      ]
    },
    {
      "mode": "managed",
      "type": "aws_vpc",
      "name": "frontend-vpc",
      "provider": "provider.aws",
      "instances": [
        {
          "schema_version": 1,
          "attributes": {
            "arn": "arn:aws:ec2:ap-southeast-2:773114618884:vpc/vpc-030097e7d6f68f266",
            "assign_generated_ipv6_cidr_block": false,
            "cidr_block": "10.128.0.0/16",
            "default_network_acl_id": "acl-080cce06855721e62",
            "default_route_table_id": "rtb-094e1031df759c6b9",
            "default_security_group_id": "sg-06a009dd60602b73b",
            "dhcp_options_id": "dopt-e885938a",
            "enable_classiclink": false,
            "enable_classiclink_dns_support": false,
            "enable_dns_hostnames": true,
            "enable_dns_support": true,
            "id": "vpc-030097e7d6f68f266",
            "instance_tenancy": "default",
            "ipv6_association_id": "",
            "ipv6_cidr_block": "",
            "main_route_table_id": "rtb-094e1031df759c6b9",
            "owner_id": "773114618884",
            "tags": {
              "Environment": "dev",
              "Name": "frontend-vpc"
            }
          },
          "private": "eyJzY2hlbWFfdmVyc2lvbiI6IjEifQ=="
        }
      ]
    },
    {
      "mode": "managed",
      "type": "aws_vpc_peering_connection",
      "name": "frontend-backend",
      "provider": "provider.aws",
      "instances": [
        {
          "schema_version": 0,
          "attributes": {
            "accept_status": "active",
            "accepter": [
              {
                "allow_classic_link_to_remote_vpc": false,
                "allow_remote_vpc_dns_resolution": true,
                "allow_vpc_to_remote_classic_link": false
              }
            ],
            "auto_accept": true,
            "id": "pcx-0023cf744e874bfe9",
            "peer_owner_id": "773114618884",
            "peer_region": "ap-southeast-2",
            "peer_vpc_id": "vpc-07d183be71c33c10a",
            "requester": [
              {
                "allow_classic_link_to_remote_vpc": false,
                "allow_remote_vpc_dns_resolution": true,
                "allow_vpc_to_remote_classic_link": false
              }
            ],
            "tags": {
              "Environment": "dev",
              "Name": "frontend-backend-peering"
            },
            "timeouts": null,
            "vpc_id": "vpc-030097e7d6f68f266"
          },
          "private": "eyJlMmJmYjczMC1lY2FhLTExZTYtOGY4OC0zNDM2M2JjN2M0YzAiOnsiY3JlYXRlIjo2MDAwMDAwMDAwMCwiZGVsZXRlIjo2MDAwMDAwMDAwMCwidXBkYXRlIjo2MDAwMDAwMDAwMH19",
          "dependencies": [
            "aws_vpc.backend-vpc",
            "aws_vpc.frontend-vpc"
          ]
        }
      ]
    }
  ]
}
