{
  "version": 4,
  "terraform_version": "0.12.16",
  "serial": 487,
  "lineage": "74d0115a-5950-84f7-0b18-8bb43167d853",
  "outputs": {},
  "resources": [
    {
      "mode": "managed",
      "type": "aws_default_route_table",
      "name": "backend-route-table",
      "provider": "provider.aws",
      "instances": [
        {
          "schema_version": 0,
          "attributes": {
            "default_route_table_id": "rtb-036f3489fac46dd9a",
            "id": "rtb-036f3489fac46dd9a",
            "owner_id": "773114618884",
            "propagating_vgws": null,
            "route": [
              {
                "cidr_block": "10.128.0.0/16",
                "egress_only_gateway_id": "",
                "gateway_id": "",
                "instance_id": "",
                "ipv6_cidr_block": "",
                "nat_gateway_id": "",
                "network_interface_id": "",
                "transit_gateway_id": "",
                "vpc_peering_connection_id": "pcx-083255c6306bf2912"
              }
            ],
            "tags": {},
            "vpc_id": "vpc-01fdcba0a4f0b84c0"
          },
          "private": "bnVsbA==",
          "dependencies": [
            "aws_vpc.backend-vpc",
            "aws_vpc.frontend-vpc",
            "aws_vpc_peering_connection.frontend-backend"
          ]
        }
      ]
    },
    {
      "mode": "managed",
      "type": "aws_default_route_table",
      "name": "frontend-route-table",
      "provider": "provider.aws",
      "instances": [
        {
          "schema_version": 0,
          "attributes": {
            "default_route_table_id": "rtb-080e1b9cbf5623f83",
            "id": "rtb-080e1b9cbf5623f83",
            "owner_id": "773114618884",
            "propagating_vgws": null,
            "route": [
              {
                "cidr_block": "0.0.0.0/0",
                "egress_only_gateway_id": "",
                "gateway_id": "igw-0922224055eedd7ce",
                "instance_id": "",
                "ipv6_cidr_block": "",
                "nat_gateway_id": "",
                "network_interface_id": "",
                "transit_gateway_id": "",
                "vpc_peering_connection_id": ""
              },
              {
                "cidr_block": "10.129.0.0/16",
                "egress_only_gateway_id": "",
                "gateway_id": "",
                "instance_id": "",
                "ipv6_cidr_block": "",
                "nat_gateway_id": "",
                "network_interface_id": "",
                "transit_gateway_id": "",
                "vpc_peering_connection_id": "pcx-083255c6306bf2912"
              }
            ],
            "tags": {},
            "vpc_id": "vpc-0dde6870b2646fe50"
          },
          "private": "bnVsbA==",
          "dependencies": [
            "aws_internet_gateway.frontend-internet-gateway",
            "aws_vpc.backend-vpc",
            "aws_vpc.frontend-vpc",
            "aws_vpc_peering_connection.frontend-backend"
          ]
        }
      ]
    },
    {
      "mode": "managed",
      "type": "aws_default_security_group",
      "name": "default-backend-sec-group",
      "provider": "provider.aws",
      "instances": [
        {
          "schema_version": 1,
          "attributes": {
            "arn": "arn:aws:ec2:ap-southeast-2:773114618884:security-group/sg-02bcbb2d15e452b42",
            "description": "default VPC security group",
            "egress": [
              {
                "cidr_blocks": [
                  "0.0.0.0/0"
                ],
                "description": "",
                "from_port": 0,
                "ipv6_cidr_blocks": [],
                "prefix_list_ids": [],
                "protocol": "-1",
                "security_groups": [],
                "self": false,
                "to_port": 0
              }
            ],
            "id": "sg-02bcbb2d15e452b42",
            "ingress": [],
            "name": "default",
            "owner_id": "773114618884",
            "revoke_rules_on_delete": false,
            "tags": null,
            "timeouts": null,
            "vpc_id": "vpc-01fdcba0a4f0b84c0"
          },
          "private": "eyJlMmJmYjczMC1lY2FhLTExZTYtOGY4OC0zNDM2M2JjN2M0YzAiOnsiY3JlYXRlIjo2MDAwMDAwMDAwMDAsImRlbGV0ZSI6NjAwMDAwMDAwMDAwfSwic2NoZW1hX3ZlcnNpb24iOiIxIn0=",
          "dependencies": [
            "aws_vpc.backend-vpc"
          ]
        }
      ]
    },
    {
      "mode": "managed",
      "type": "aws_default_security_group",
      "name": "default-fronted-sec-group",
      "provider": "provider.aws",
      "instances": [
        {
          "schema_version": 1,
          "attributes": {
            "arn": "arn:aws:ec2:ap-southeast-2:773114618884:security-group/sg-0f0ae50764891f4ae",
            "description": "default VPC security group",
            "egress": [
              {
                "cidr_blocks": [
                  "0.0.0.0/0"
                ],
                "description": "",
                "from_port": 0,
                "ipv6_cidr_blocks": [],
                "prefix_list_ids": [],
                "protocol": "-1",
                "security_groups": [],
                "self": false,
                "to_port": 0
              }
            ],
            "id": "sg-0f0ae50764891f4ae",
            "ingress": [],
            "name": "default",
            "owner_id": "773114618884",
            "revoke_rules_on_delete": false,
            "tags": null,
            "timeouts": null,
            "vpc_id": "vpc-0dde6870b2646fe50"
          },
          "private": "eyJlMmJmYjczMC1lY2FhLTExZTYtOGY4OC0zNDM2M2JjN2M0YzAiOnsiY3JlYXRlIjo2MDAwMDAwMDAwMDAsImRlbGV0ZSI6NjAwMDAwMDAwMDAwfSwic2NoZW1hX3ZlcnNpb24iOiIxIn0=",
          "dependencies": [
            "aws_vpc.frontend-vpc"
          ]
        }
      ]
    },
    {
      "mode": "managed",
      "type": "aws_eip",
      "name": "backend-eip-az1",
      "provider": "provider.aws",
      "instances": [
        {
          "schema_version": 0,
          "attributes": {
            "allocation_id": null,
            "associate_with_private_ip": null,
            "association_id": "",
            "domain": "vpc",
            "id": "eipalloc-0ee58ebf686945e60",
            "instance": "",
            "network_interface": "",
            "private_dns": null,
            "private_ip": "",
            "public_dns": "ec2-52-65-136-86.ap-southeast-2.compute.amazonaws.com",
            "public_ip": "52.65.136.86",
            "public_ipv4_pool": "amazon",
            "tags": {
              "Environment": "dev",
              "Name": "nat-gw-eip-az1"
            },
            "timeouts": null,
            "vpc": true
          },
          "private": "eyJlMmJmYjczMC1lY2FhLTExZTYtOGY4OC0zNDM2M2JjN2M0YzAiOnsiZGVsZXRlIjoxODAwMDAwMDAwMDAsInJlYWQiOjkwMDAwMDAwMDAwMCwidXBkYXRlIjozMDAwMDAwMDAwMDB9fQ==",
          "dependencies": [
            "aws_subnet.backend-subnet",
            "aws_vpc.backend-vpc"
          ]
        }
      ]
    },
    {
      "mode": "managed",
      "type": "aws_eip",
      "name": "backend-eip-az2",
      "provider": "provider.aws",
      "instances": [
        {
          "schema_version": 0,
          "attributes": {
            "allocation_id": null,
            "associate_with_private_ip": null,
            "association_id": "",
            "domain": "vpc",
            "id": "eipalloc-0420cfa5f6b34fa43",
            "instance": "",
            "network_interface": "",
            "private_dns": null,
            "private_ip": "",
            "public_dns": "ec2-54-206-104-78.ap-southeast-2.compute.amazonaws.com",
            "public_ip": "54.206.104.78",
            "public_ipv4_pool": "amazon",
            "tags": {
              "Environment": "dev",
              "Name": "nat-gw-eip-az2"
            },
            "timeouts": null,
            "vpc": true
          },
          "private": "eyJlMmJmYjczMC1lY2FhLTExZTYtOGY4OC0zNDM2M2JjN2M0YzAiOnsiZGVsZXRlIjoxODAwMDAwMDAwMDAsInJlYWQiOjkwMDAwMDAwMDAwMCwidXBkYXRlIjozMDAwMDAwMDAwMDB9fQ==",
          "dependencies": [
            "aws_subnet.backend-subnet",
            "aws_vpc.backend-vpc"
          ]
        }
      ]
    },
    {
      "mode": "managed",
      "type": "aws_eip",
      "name": "backend-eip-az3",
      "provider": "provider.aws",
      "instances": [
        {
          "schema_version": 0,
          "attributes": {
            "allocation_id": null,
            "associate_with_private_ip": null,
            "association_id": "",
            "domain": "vpc",
            "id": "eipalloc-0cc720f0fb79a599c",
            "instance": "",
            "network_interface": "",
            "private_dns": null,
            "private_ip": "",
            "public_dns": "ec2-3-25-8-106.ap-southeast-2.compute.amazonaws.com",
            "public_ip": "3.25.8.106",
            "public_ipv4_pool": "amazon",
            "tags": {
              "Environment": "dev",
              "Name": "nat-gw-eip-az3"
            },
            "timeouts": null,
            "vpc": true
          },
          "private": "eyJlMmJmYjczMC1lY2FhLTExZTYtOGY4OC0zNDM2M2JjN2M0YzAiOnsiZGVsZXRlIjoxODAwMDAwMDAwMDAsInJlYWQiOjkwMDAwMDAwMDAwMCwidXBkYXRlIjozMDAwMDAwMDAwMDB9fQ==",
          "dependencies": [
            "aws_subnet.backend-subnet",
            "aws_vpc.backend-vpc"
          ]
        }
      ]
    },
    {
      "mode": "managed",
      "type": "aws_eip",
      "name": "bastion-host-eip",
      "provider": "provider.aws",
      "instances": [
        {
          "schema_version": 0,
          "attributes": {
            "allocation_id": null,
            "associate_with_private_ip": "10.128.0.71",
            "association_id": "eipassoc-0b6b8b286e0174ae6",
            "domain": "vpc",
            "id": "eipalloc-0f94a84b4c099594f",
            "instance": "i-0b9c0ca3f01e51f0b",
            "network_interface": "eni-057c4e352f0972793",
            "private_dns": "ip-10-128-0-71.ap-southeast-2.compute.internal",
            "private_ip": "10.128.0.71",
            "public_dns": "ec2-13-54-77-94.ap-southeast-2.compute.amazonaws.com",
            "public_ip": "13.54.77.94",
            "public_ipv4_pool": "amazon",
            "tags": {
              "Environment": "dev",
              "Name": "bastion"
            },
            "timeouts": null,
            "vpc": true
          },
          "private": "eyJlMmJmYjczMC1lY2FhLTExZTYtOGY4OC0zNDM2M2JjN2M0YzAiOnsiZGVsZXRlIjoxODAwMDAwMDAwMDAsInJlYWQiOjkwMDAwMDAwMDAwMCwidXBkYXRlIjozMDAwMDAwMDAwMDB9fQ==",
          "dependencies": [
            "aws_default_security_group.default-fronted-sec-group",
            "aws_instance.bastion-host",
            "aws_internet_gateway.frontend-internet-gateway",
            "aws_security_group.allow-restricted-ssh",
            "aws_subnet.frontend-subnet",
            "aws_vpc.frontend-vpc"
          ]
        }
      ]
    },
    {
      "mode": "managed",
      "type": "aws_iam_group",
      "name": "test-group",
      "provider": "provider.aws",
      "instances": [
        {
          "schema_version": 0,
          "attributes": {
            "arn": "arn:aws:iam::773114618884:group/test-group",
            "id": "test-group",
            "name": "test-group",
            "path": "/",
            "unique_id": "AGPA3IAJY4QCNS77F46HG"
          },
          "private": "bnVsbA=="
        }
      ]
    },
    {
      "mode": "managed",
      "type": "aws_iam_group_membership",
      "name": "test-users-membership",
      "provider": "provider.aws",
      "instances": [
        {
          "schema_version": 0,
          "attributes": {
            "group": "test-group",
            "id": "test-group",
            "name": "test-group",
            "users": [
              "test-user-1",
              "test-user-2",
              "test-user-3"
            ]
          },
          "private": "bnVsbA==",
          "dependencies": [
            "aws_iam_group.test-group",
            "aws_iam_user.test-users"
          ]
        }
      ]
    },
    {
      "mode": "managed",
      "type": "aws_iam_group_policy_attachment",
      "name": "attach-test-group-custom-policy",
      "provider": "provider.aws",
      "instances": [
        {
          "schema_version": 0,
          "attributes": {
            "group": "test-group",
            "id": "test-group-20200425113314208200000003",
            "policy_arn": "arn:aws:iam::773114618884:policy/LightsailFullAccess"
          },
          "private": "bnVsbA==",
          "dependencies": [
            "aws_iam_group.test-group",
            "aws_iam_policy.test-group-custom-policy"
          ]
        }
      ]
    },
    {
      "mode": "managed",
      "type": "aws_iam_group_policy_attachment",
      "name": "attach-test-group-managed-policy",
      "each": "list",
      "provider": "provider.aws",
      "instances": [
        {
          "index_key": 0,
          "schema_version": 0,
          "attributes": {
            "group": "test-group",
            "id": "test-group-20200425113311136300000001",
            "policy_arn": "arn:aws:iam::aws:policy/AmazonEC2FullAccess"
          },
          "private": "bnVsbA==",
          "dependencies": [
            "aws_iam_group.test-group"
          ]
        },
        {
          "index_key": 1,
          "schema_version": 0,
          "attributes": {
            "group": "test-group",
            "id": "test-group-20200425113311139400000002",
            "policy_arn": "arn:aws:iam::aws:policy/IAMFullAccess"
          },
          "private": "bnVsbA==",
          "dependencies": [
            "aws_iam_group.test-group"
          ]
        }
      ]
    },
    {
      "mode": "managed",
      "type": "aws_iam_policy",
      "name": "test-group-custom-policy",
      "provider": "provider.aws",
      "instances": [
        {
          "schema_version": 0,
          "attributes": {
            "arn": "arn:aws:iam::773114618884:policy/LightsailFullAccess",
            "description": "",
            "id": "arn:aws:iam::773114618884:policy/LightsailFullAccess",
            "name": "LightsailFullAccess",
            "name_prefix": null,
            "path": "/",
            "policy": "{\n  \"Version\": \"2012-10-17\",\n  \"Statement\": [\n    {\n      \"Effect\": \"Allow\",\n      \"Action\": [\n        \"lightsail:*\"\n    ],\n    \"Resource\": \"*\"\n    }\n  ]\n}\n"
          },
          "private": "bnVsbA==",
          "dependencies": [
            "aws_iam_group.test-group"
          ]
        }
      ]
    },
    {
      "mode": "managed",
      "type": "aws_iam_user",
      "name": "test-users",
      "each": "list",
      "provider": "provider.aws",
      "instances": [
        {
          "index_key": 0,
          "schema_version": 0,
          "attributes": {
            "arn": "arn:aws:iam::773114618884:user/test-user-1",
            "force_destroy": false,
            "id": "test-user-1",
            "name": "test-user-1",
            "path": "/",
            "permissions_boundary": null,
            "tags": null,
            "unique_id": "AIDA3IAJY4QCPG3SS6EM3"
          },
          "private": "bnVsbA=="
        },
        {
          "index_key": 1,
          "schema_version": 0,
          "attributes": {
            "arn": "arn:aws:iam::773114618884:user/test-user-2",
            "force_destroy": false,
            "id": "test-user-2",
            "name": "test-user-2",
            "path": "/",
            "permissions_boundary": null,
            "tags": null,
            "unique_id": "AIDA3IAJY4QCJV7MRFVGP"
          },
          "private": "bnVsbA=="
        },
        {
          "index_key": 2,
          "schema_version": 0,
          "attributes": {
            "arn": "arn:aws:iam::773114618884:user/test-user-3",
            "force_destroy": false,
            "id": "test-user-3",
            "name": "test-user-3",
            "path": "/",
            "permissions_boundary": null,
            "tags": null,
            "unique_id": "AIDA3IAJY4QCHPVUEU7ML"
          },
          "private": "bnVsbA=="
        }
      ]
    },
    {
      "mode": "managed",
      "type": "aws_instance",
      "name": "bastion-host",
      "provider": "provider.aws",
      "instances": [
        {
          "schema_version": 1,
          "attributes": {
            "ami": "ami-0a1a4d97d4af3009b",
            "arn": "arn:aws:ec2:ap-southeast-2:773114618884:instance/i-0b9c0ca3f01e51f0b",
            "associate_public_ip_address": false,
            "availability_zone": "ap-southeast-2a",
            "cpu_core_count": 1,
            "cpu_threads_per_core": 1,
            "credit_specification": [
              {
                "cpu_credits": "standard"
              }
            ],
            "disable_api_termination": false,
            "ebs_block_device": [],
            "ebs_optimized": false,
            "ephemeral_block_device": [],
            "get_password_data": false,
            "hibernation": false,
            "host_id": null,
            "iam_instance_profile": "",
            "id": "i-0b9c0ca3f01e51f0b",
            "instance_initiated_shutdown_behavior": null,
            "instance_state": "running",
            "instance_type": "t2.micro",
            "ipv6_address_count": 0,
            "ipv6_addresses": [],
            "key_name": "user1",
            "metadata_options": [
              {
                "http_endpoint": "enabled",
                "http_put_response_hop_limit": 1,
                "http_tokens": "optional"
              }
            ],
            "monitoring": false,
            "network_interface": [],
            "network_interface_id": null,
            "password_data": "",
            "placement_group": "",
            "primary_network_interface_id": "eni-057c4e352f0972793",
            "private_dns": "ip-10-128-0-71.ap-southeast-2.compute.internal",
            "private_ip": "10.128.0.71",
            "public_dns": "",
            "public_ip": "",
            "root_block_device": [
              {
                "delete_on_termination": true,
                "device_name": "/dev/sda1",
                "encrypted": false,
                "iops": 100,
                "kms_key_id": "",
                "volume_id": "vol-0234637ace5c7c5a7",
                "volume_size": 8,
                "volume_type": "gp2"
              }
            ],
            "security_groups": [],
            "source_dest_check": true,
            "subnet_id": "subnet-065447f9a81129fcd",
            "tags": {
              "Environment": "dev",
              "Name": "bastion"
            },
            "tenancy": "default",
            "timeouts": null,
            "user_data": null,
            "user_data_base64": null,
            "volume_tags": {},
            "vpc_security_group_ids": [
              "sg-0d490c4a57f6c53a9",
              "sg-0f0ae50764891f4ae"
            ]
          },
          "private": "eyJlMmJmYjczMC1lY2FhLTExZTYtOGY4OC0zNDM2M2JjN2M0YzAiOnsiY3JlYXRlIjo2MDAwMDAwMDAwMDAsImRlbGV0ZSI6MTIwMDAwMDAwMDAwMCwidXBkYXRlIjo2MDAwMDAwMDAwMDB9LCJzY2hlbWFfdmVyc2lvbiI6IjEifQ==",
          "dependencies": [
            "aws_default_security_group.default-fronted-sec-group",
            "aws_security_group.allow-restricted-ssh",
            "aws_subnet.frontend-subnet",
            "aws_vpc.frontend-vpc"
          ]
        }
      ]
    },
    {
      "mode": "managed",
      "type": "aws_internet_gateway",
      "name": "frontend-internet-gateway",
      "provider": "provider.aws",
      "instances": [
        {
          "schema_version": 0,
          "attributes": {
            "id": "igw-0922224055eedd7ce",
            "owner_id": "773114618884",
            "tags": {
              "Environment": "dev",
              "Name": "frontend-internet-gateway"
            },
            "vpc_id": "vpc-0dde6870b2646fe50"
          },
          "private": "bnVsbA==",
          "dependencies": [
            "aws_vpc.frontend-vpc"
          ]
        }
      ]
    },
    {
      "mode": "managed",
      "type": "aws_key_pair",
      "name": "key_pairs",
      "each": "map",
      "provider": "provider.aws",
      "instances": [
        {
          "index_key": "user1",
          "schema_version": 1,
          "attributes": {
            "fingerprint": "29:84:8d:1d:54:52:db:b8:29:f8:24:d9:fd:d4:3d:af",
            "id": "user1",
            "key_name": "user1",
            "key_name_prefix": null,
            "key_pair_id": "key-07f769c7f3bf967f8",
            "public_key": "ssh-rsa AAAAB3NzaC1yc2EAAAADAQABAAABAQC0k4xVUwlk9I+ZxHb4w1YJVxgMgpuWyB57ReZQ7Q15si0jQ63zxlVBg3LSOi/jy1P2HEKA4v6v8zkLpAKa0LA8+MmS7sik5ShYx1vNelGsaUv30JwiJDR0NMWYR9H9JfyopbJ0lcqDETvQEUnseriycx8WyC1Q9uUJAl0sYdseG7dtrXBUWviqYCoKLEer7nQ5FP4eDUQWBLxV4ys4CVdvkqRSeXgslQHaBnTUP4ReUC8iSyAHFAo26UT0JuMdmVNhsydqEedwNBBjWxJTrjCX/EvcZDIkstvW9IVo7xBmUOBp/DNQbFWw/Lt/x1BrR1CyGnGNpV9wwHLECspTrGUl user1",
            "tags": null
          },
          "private": "eyJzY2hlbWFfdmVyc2lvbiI6IjEifQ=="
        },
        {
          "index_key": "user2",
          "schema_version": 1,
          "attributes": {
            "fingerprint": "6b:cd:5e:3f:86:36:67:cc:99:6b:02:62:44:d2:34:5c",
            "id": "user2",
            "key_name": "user2",
            "key_name_prefix": null,
            "key_pair_id": "key-0fb2b0e7b4cfb11bd",
            "public_key": "ssh-rsa AAAAB3NzaC1yc2EAAAADAQABAAABAQCsUQhrhAymHDNQ8EaQIIzCvJhquF1swL6PRqyEhE/hHJvlOmKBk5oc8N5MnBUXRYQjbhXV1Qezs1oRYxO3x7RQ5WqdDFsnVFPHL9WjyqGniC152j173+RW+7Aknp+phaKZGIyZyQYcDTlsOIXh679uHq1E3W6ZaHs1mpa9R6VKEjoVatPfEs4PtxTkhx8x009GxEPTluR8fkeyAJ68Z8uiZbxaTigtwNABKp8XqmD6ogx6LKjwWBPiBUEBRcfY0KBBvJpMnFchj88B1QcdKYd801ow3DkHKu3SnsWj57Cmlywm3o5ZUzFYCymvVEPMfhv0DbAFx4E5FGTQW9mmltBV user2",
            "tags": null
          },
          "private": "eyJzY2hlbWFfdmVyc2lvbiI6IjEifQ=="
        }
      ]
    },
    {
      "mode": "managed",
      "type": "aws_security_group",
      "name": "allow-bastion-ssh",
      "provider": "provider.aws",
      "instances": [
        {
          "schema_version": 1,
          "attributes": {
            "arn": "arn:aws:ec2:ap-southeast-2:773114618884:security-group/sg-0bdc856a51cb8536b",
            "description": "allow-bastion-ssh",
            "egress": [],
            "id": "sg-0bdc856a51cb8536b",
            "ingress": [],
            "name": "allow-bastion-ssh",
            "name_prefix": null,
            "owner_id": "773114618884",
            "revoke_rules_on_delete": false,
            "tags": null,
            "timeouts": null,
            "vpc_id": "vpc-01fdcba0a4f0b84c0"
          },
          "private": "eyJlMmJmYjczMC1lY2FhLTExZTYtOGY4OC0zNDM2M2JjN2M0YzAiOnsiY3JlYXRlIjo2MDAwMDAwMDAwMDAsImRlbGV0ZSI6NjAwMDAwMDAwMDAwfSwic2NoZW1hX3ZlcnNpb24iOiIxIn0=",
          "dependencies": [
            "aws_vpc.backend-vpc"
          ]
        }
      ]
    },
    {
      "mode": "managed",
      "type": "aws_security_group",
      "name": "allow-public-web",
      "provider": "provider.aws",
      "instances": [
        {
          "schema_version": 1,
          "attributes": {
            "arn": "arn:aws:ec2:ap-southeast-2:773114618884:security-group/sg-0510d7224e60c5b9d",
            "description": "allow-public-web",
            "egress": [],
            "id": "sg-0510d7224e60c5b9d",
            "ingress": [],
            "name": "allow-public-web",
            "name_prefix": null,
            "owner_id": "773114618884",
            "revoke_rules_on_delete": false,
            "tags": {
              "Environment": "dev",
              "Name": "allow-public-web"
            },
            "timeouts": null,
            "vpc_id": "vpc-0dde6870b2646fe50"
          },
          "private": "eyJlMmJmYjczMC1lY2FhLTExZTYtOGY4OC0zNDM2M2JjN2M0YzAiOnsiY3JlYXRlIjo2MDAwMDAwMDAwMDAsImRlbGV0ZSI6NjAwMDAwMDAwMDAwfSwic2NoZW1hX3ZlcnNpb24iOiIxIn0=",
          "dependencies": [
            "aws_vpc.frontend-vpc"
          ]
        }
      ]
    },
    {
      "mode": "managed",
      "type": "aws_security_group",
      "name": "allow-restricted-ssh",
      "provider": "provider.aws",
      "instances": [
        {
          "schema_version": 1,
          "attributes": {
            "arn": "arn:aws:ec2:ap-southeast-2:773114618884:security-group/sg-0d490c4a57f6c53a9",
            "description": "allow-restricted-ssh",
            "egress": [],
            "id": "sg-0d490c4a57f6c53a9",
            "ingress": [],
            "name": "allow-restricted-ssh",
            "name_prefix": null,
            "owner_id": "773114618884",
            "revoke_rules_on_delete": false,
            "tags": {
              "Environment": "dev",
              "Name": "allow-restricted-ssh"
            },
            "timeouts": null,
            "vpc_id": "vpc-0dde6870b2646fe50"
          },
          "private": "eyJlMmJmYjczMC1lY2FhLTExZTYtOGY4OC0zNDM2M2JjN2M0YzAiOnsiY3JlYXRlIjo2MDAwMDAwMDAwMDAsImRlbGV0ZSI6NjAwMDAwMDAwMDAwfSwic2NoZW1hX3ZlcnNpb24iOiIxIn0=",
          "dependencies": [
            "aws_vpc.frontend-vpc"
          ]
        }
      ]
    },
    {
      "mode": "managed",
      "type": "aws_security_group",
      "name": "allow-restricted-web",
      "provider": "provider.aws",
      "instances": [
        {
          "schema_version": 1,
          "attributes": {
            "arn": "arn:aws:ec2:ap-southeast-2:773114618884:security-group/sg-04bcb83264093d36a",
            "description": "allow-restricted-web",
            "egress": [],
            "id": "sg-04bcb83264093d36a",
            "ingress": [],
            "name": "allow-restricted-web",
            "name_prefix": null,
            "owner_id": "773114618884",
            "revoke_rules_on_delete": false,
            "tags": {
              "Environment": "dev",
              "Name": "allow-restricted-web"
            },
            "timeouts": null,
            "vpc_id": "vpc-01fdcba0a4f0b84c0"
          },
          "private": "eyJlMmJmYjczMC1lY2FhLTExZTYtOGY4OC0zNDM2M2JjN2M0YzAiOnsiY3JlYXRlIjo2MDAwMDAwMDAwMDAsImRlbGV0ZSI6NjAwMDAwMDAwMDAwfSwic2NoZW1hX3ZlcnNpb24iOiIxIn0=",
          "dependencies": [
            "aws_vpc.backend-vpc"
          ]
        }
      ]
    },
    {
      "mode": "managed",
      "type": "aws_security_group_rule",
      "name": "allow-bastion-ssh",
      "provider": "provider.aws",
      "instances": [
        {
          "schema_version": 2,
          "attributes": {
            "cidr_blocks": [
              "10.128.0.254/32"
            ],
            "description": null,
            "from_port": 22,
            "id": "sgrule-3081242653",
            "ipv6_cidr_blocks": null,
            "prefix_list_ids": null,
            "protocol": "tcp",
            "security_group_id": "sg-0bdc856a51cb8536b",
            "self": false,
            "source_security_group_id": null,
            "to_port": 22,
            "type": "ingress"
          },
          "private": "eyJzY2hlbWFfdmVyc2lvbiI6IjIifQ==",
          "dependencies": [
            "aws_security_group.allow-bastion-ssh",
            "aws_vpc.backend-vpc"
          ]
        }
      ]
    },
    {
      "mode": "managed",
      "type": "aws_security_group_rule",
      "name": "allow-public-web",
      "each": "map",
      "provider": "provider.aws",
      "instances": [
        {
          "index_key": "0",
          "schema_version": 2,
          "attributes": {
            "cidr_blocks": [
              "0.0.0.0/0"
            ],
            "description": null,
            "from_port": 80,
            "id": "sgrule-2196113508",
            "ipv6_cidr_blocks": null,
            "prefix_list_ids": null,
            "protocol": "tcp",
            "security_group_id": "sg-0510d7224e60c5b9d",
            "self": false,
            "source_security_group_id": null,
            "to_port": 80,
            "type": "ingress"
          },
          "private": "eyJzY2hlbWFfdmVyc2lvbiI6IjIifQ==",
          "dependencies": [
            "aws_security_group.allow-public-web",
            "aws_vpc.frontend-vpc"
          ]
        },
        {
          "index_key": "1",
          "schema_version": 2,
          "attributes": {
            "cidr_blocks": [
              "0.0.0.0/0"
            ],
            "description": null,
            "from_port": 443,
            "id": "sgrule-2842281605",
            "ipv6_cidr_blocks": null,
            "prefix_list_ids": null,
            "protocol": "tcp",
            "security_group_id": "sg-0510d7224e60c5b9d",
            "self": false,
            "source_security_group_id": null,
            "to_port": 443,
            "type": "ingress"
          },
          "private": "eyJzY2hlbWFfdmVyc2lvbiI6IjIifQ==",
          "dependencies": [
            "aws_security_group.allow-public-web",
            "aws_vpc.frontend-vpc"
          ]
        }
      ]
    },
    {
      "mode": "managed",
      "type": "aws_security_group_rule",
      "name": "allow-restricted-ssh",
      "each": "map",
      "provider": "provider.aws",
      "instances": [
        {
          "index_key": "0",
          "schema_version": 2,
          "attributes": {
            "cidr_blocks": [
              "0.0.0.0/0"
            ],
            "description": null,
            "from_port": 22,
            "id": "sgrule-44831297",
            "ipv6_cidr_blocks": null,
            "prefix_list_ids": null,
            "protocol": "tcp",
            "security_group_id": "sg-0d490c4a57f6c53a9",
            "self": false,
            "source_security_group_id": null,
            "to_port": 22,
            "type": "ingress"
          },
          "private": "eyJzY2hlbWFfdmVyc2lvbiI6IjIifQ==",
          "dependencies": [
            "aws_security_group.allow-restricted-ssh",
            "aws_vpc.frontend-vpc"
          ]
        }
      ]
    },
    {
      "mode": "managed",
      "type": "aws_security_group_rule",
      "name": "allow-restricted-web",
      "each": "map",
      "provider": "provider.aws",
      "instances": [
        {
          "index_key": "0",
          "schema_version": 2,
          "attributes": {
            "cidr_blocks": [
              "10.128.0.0/22",
              "10.129.0.0/22"
            ],
            "description": null,
            "from_port": 80,
            "id": "sgrule-4253209775",
            "ipv6_cidr_blocks": null,
            "prefix_list_ids": null,
            "protocol": "tcp",
            "security_group_id": "sg-04bcb83264093d36a",
            "self": false,
            "source_security_group_id": null,
            "to_port": 80,
            "type": "ingress"
          },
          "private": "eyJzY2hlbWFfdmVyc2lvbiI6IjIifQ==",
          "dependencies": [
            "aws_security_group.allow-restricted-web",
            "aws_vpc.backend-vpc"
          ]
        },
        {
          "index_key": "1",
          "schema_version": 2,
          "attributes": {
            "cidr_blocks": [
              "10.128.0.0/22",
              "10.129.0.0/22"
            ],
            "description": null,
            "from_port": 443,
            "id": "sgrule-2219138797",
            "ipv6_cidr_blocks": null,
            "prefix_list_ids": null,
            "protocol": "tcp",
            "security_group_id": "sg-04bcb83264093d36a",
            "self": false,
            "source_security_group_id": null,
            "to_port": 443,
            "type": "ingress"
          },
          "private": "eyJzY2hlbWFfdmVyc2lvbiI6IjIifQ==",
          "dependencies": [
            "aws_security_group.allow-restricted-web",
            "aws_vpc.backend-vpc"
          ]
        }
      ]
    },
    {
      "mode": "managed",
      "type": "aws_subnet",
      "name": "backend-subnet",
      "each": "map",
      "provider": "provider.aws",
      "instances": [
        {
          "index_key": "az1",
          "schema_version": 1,
          "attributes": {
            "arn": "arn:aws:ec2:ap-southeast-2:773114618884:subnet/subnet-04904506525738a8c",
            "assign_ipv6_address_on_creation": false,
            "availability_zone": "ap-southeast-2a",
            "availability_zone_id": "apse2-az3",
            "cidr_block": "10.129.0.0/24",
            "id": "subnet-04904506525738a8c",
            "ipv6_cidr_block": "",
            "ipv6_cidr_block_association_id": "",
            "map_public_ip_on_launch": false,
            "owner_id": "773114618884",
            "tags": {
              "Environment": "dev",
              "Name": "backend-subnet-a"
            },
            "timeouts": null,
            "vpc_id": "vpc-01fdcba0a4f0b84c0"
          },
          "private": "eyJlMmJmYjczMC1lY2FhLTExZTYtOGY4OC0zNDM2M2JjN2M0YzAiOnsiY3JlYXRlIjo2MDAwMDAwMDAwMDAsImRlbGV0ZSI6MTIwMDAwMDAwMDAwMH0sInNjaGVtYV92ZXJzaW9uIjoiMSJ9",
          "dependencies": [
            "aws_vpc.backend-vpc"
          ]
        },
        {
          "index_key": "az2",
          "schema_version": 1,
          "attributes": {
            "arn": "arn:aws:ec2:ap-southeast-2:773114618884:subnet/subnet-0506e1cf0612ba132",
            "assign_ipv6_address_on_creation": false,
            "availability_zone": "ap-southeast-2b",
            "availability_zone_id": "apse2-az1",
            "cidr_block": "10.129.4.0/24",
            "id": "subnet-0506e1cf0612ba132",
            "ipv6_cidr_block": "",
            "ipv6_cidr_block_association_id": "",
            "map_public_ip_on_launch": false,
            "owner_id": "773114618884",
            "tags": {
              "Environment": "dev",
              "Name": "backend-subnet-b"
            },
            "timeouts": null,
            "vpc_id": "vpc-01fdcba0a4f0b84c0"
          },
          "private": "eyJlMmJmYjczMC1lY2FhLTExZTYtOGY4OC0zNDM2M2JjN2M0YzAiOnsiY3JlYXRlIjo2MDAwMDAwMDAwMDAsImRlbGV0ZSI6MTIwMDAwMDAwMDAwMH0sInNjaGVtYV92ZXJzaW9uIjoiMSJ9",
          "dependencies": [
            "aws_vpc.backend-vpc"
          ]
        },
        {
          "index_key": "az3",
          "schema_version": 1,
          "attributes": {
            "arn": "arn:aws:ec2:ap-southeast-2:773114618884:subnet/subnet-0c34432412f0f9488",
            "assign_ipv6_address_on_creation": false,
            "availability_zone": "ap-southeast-2c",
            "availability_zone_id": "apse2-az2",
            "cidr_block": "10.129.8.0/24",
            "id": "subnet-0c34432412f0f9488",
            "ipv6_cidr_block": "",
            "ipv6_cidr_block_association_id": "",
            "map_public_ip_on_launch": false,
            "owner_id": "773114618884",
            "tags": {
              "Environment": "dev",
              "Name": "backend-subnet-c"
            },
            "timeouts": null,
            "vpc_id": "vpc-01fdcba0a4f0b84c0"
          },
          "private": "eyJlMmJmYjczMC1lY2FhLTExZTYtOGY4OC0zNDM2M2JjN2M0YzAiOnsiY3JlYXRlIjo2MDAwMDAwMDAwMDAsImRlbGV0ZSI6MTIwMDAwMDAwMDAwMH0sInNjaGVtYV92ZXJzaW9uIjoiMSJ9",
          "dependencies": [
            "aws_vpc.backend-vpc"
          ]
        }
      ]
    },
    {
      "mode": "managed",
      "type": "aws_subnet",
      "name": "frontend-subnet",
      "each": "map",
      "provider": "provider.aws",
      "instances": [
        {
          "index_key": "az1",
          "schema_version": 1,
          "attributes": {
            "arn": "arn:aws:ec2:ap-southeast-2:773114618884:subnet/subnet-065447f9a81129fcd",
            "assign_ipv6_address_on_creation": false,
            "availability_zone": "ap-southeast-2a",
            "availability_zone_id": "apse2-az3",
            "cidr_block": "10.128.0.0/24",
            "id": "subnet-065447f9a81129fcd",
            "ipv6_cidr_block": "",
            "ipv6_cidr_block_association_id": "",
            "map_public_ip_on_launch": false,
            "owner_id": "773114618884",
            "tags": {
              "Environment": "dev",
              "Name": "frontend-subnet-a"
            },
            "timeouts": null,
            "vpc_id": "vpc-0dde6870b2646fe50"
          },
          "private": "eyJlMmJmYjczMC1lY2FhLTExZTYtOGY4OC0zNDM2M2JjN2M0YzAiOnsiY3JlYXRlIjo2MDAwMDAwMDAwMDAsImRlbGV0ZSI6MTIwMDAwMDAwMDAwMH0sInNjaGVtYV92ZXJzaW9uIjoiMSJ9",
          "dependencies": [
            "aws_vpc.frontend-vpc"
          ]
        },
        {
          "index_key": "az2",
          "schema_version": 1,
          "attributes": {
            "arn": "arn:aws:ec2:ap-southeast-2:773114618884:subnet/subnet-0e78649711989e19b",
            "assign_ipv6_address_on_creation": false,
            "availability_zone": "ap-southeast-2b",
            "availability_zone_id": "apse2-az1",
            "cidr_block": "10.128.4.0/24",
            "id": "subnet-0e78649711989e19b",
            "ipv6_cidr_block": "",
            "ipv6_cidr_block_association_id": "",
            "map_public_ip_on_launch": false,
            "owner_id": "773114618884",
            "tags": {
              "Environment": "dev",
              "Name": "frontend-subnet-b"
            },
            "timeouts": null,
            "vpc_id": "vpc-0dde6870b2646fe50"
          },
          "private": "eyJlMmJmYjczMC1lY2FhLTExZTYtOGY4OC0zNDM2M2JjN2M0YzAiOnsiY3JlYXRlIjo2MDAwMDAwMDAwMDAsImRlbGV0ZSI6MTIwMDAwMDAwMDAwMH0sInNjaGVtYV92ZXJzaW9uIjoiMSJ9",
          "dependencies": [
            "aws_vpc.frontend-vpc"
          ]
        },
        {
          "index_key": "az3",
          "schema_version": 1,
          "attributes": {
            "arn": "arn:aws:ec2:ap-southeast-2:773114618884:subnet/subnet-0cff50fee4858b0b6",
            "assign_ipv6_address_on_creation": false,
            "availability_zone": "ap-southeast-2c",
            "availability_zone_id": "apse2-az2",
            "cidr_block": "10.128.8.0/24",
            "id": "subnet-0cff50fee4858b0b6",
            "ipv6_cidr_block": "",
            "ipv6_cidr_block_association_id": "",
            "map_public_ip_on_launch": false,
            "owner_id": "773114618884",
            "tags": {
              "Environment": "dev",
              "Name": "frontend-subnet-c"
            },
            "timeouts": null,
            "vpc_id": "vpc-0dde6870b2646fe50"
          },
          "private": "eyJlMmJmYjczMC1lY2FhLTExZTYtOGY4OC0zNDM2M2JjN2M0YzAiOnsiY3JlYXRlIjo2MDAwMDAwMDAwMDAsImRlbGV0ZSI6MTIwMDAwMDAwMDAwMH0sInNjaGVtYV92ZXJzaW9uIjoiMSJ9",
          "dependencies": [
            "aws_vpc.frontend-vpc"
          ]
        }
      ]
    },
    {
      "mode": "managed",
      "type": "aws_vpc",
      "name": "backend-vpc",
      "provider": "provider.aws",
      "instances": [
        {
          "schema_version": 1,
          "attributes": {
            "arn": "arn:aws:ec2:ap-southeast-2:773114618884:vpc/vpc-01fdcba0a4f0b84c0",
            "assign_generated_ipv6_cidr_block": false,
            "cidr_block": "10.129.0.0/16",
            "default_network_acl_id": "acl-0f4994a733531f252",
            "default_route_table_id": "rtb-036f3489fac46dd9a",
            "default_security_group_id": "sg-02bcbb2d15e452b42",
            "dhcp_options_id": "dopt-e885938a",
            "enable_classiclink": false,
            "enable_classiclink_dns_support": false,
            "enable_dns_hostnames": true,
            "enable_dns_support": true,
            "id": "vpc-01fdcba0a4f0b84c0",
            "instance_tenancy": "default",
            "ipv6_association_id": "",
            "ipv6_cidr_block": "",
            "main_route_table_id": "rtb-036f3489fac46dd9a",
            "owner_id": "773114618884",
            "tags": {
              "Environment": "dev",
              "Name": "backend-vpc"
            }
          },
          "private": "eyJzY2hlbWFfdmVyc2lvbiI6IjEifQ=="
        }
      ]
    },
    {
      "mode": "managed",
      "type": "aws_vpc",
      "name": "frontend-vpc",
      "provider": "provider.aws",
      "instances": [
        {
          "schema_version": 1,
          "attributes": {
            "arn": "arn:aws:ec2:ap-southeast-2:773114618884:vpc/vpc-0dde6870b2646fe50",
            "assign_generated_ipv6_cidr_block": false,
            "cidr_block": "10.128.0.0/16",
            "default_network_acl_id": "acl-007594cf7d93e10c8",
            "default_route_table_id": "rtb-080e1b9cbf5623f83",
            "default_security_group_id": "sg-0f0ae50764891f4ae",
            "dhcp_options_id": "dopt-e885938a",
            "enable_classiclink": false,
            "enable_classiclink_dns_support": false,
            "enable_dns_hostnames": true,
            "enable_dns_support": true,
            "id": "vpc-0dde6870b2646fe50",
            "instance_tenancy": "default",
            "ipv6_association_id": "",
            "ipv6_cidr_block": "",
            "main_route_table_id": "rtb-080e1b9cbf5623f83",
            "owner_id": "773114618884",
            "tags": {
              "Environment": "dev",
              "Name": "frontend-vpc"
            }
          },
          "private": "eyJzY2hlbWFfdmVyc2lvbiI6IjEifQ=="
        }
      ]
    },
    {
      "mode": "managed",
      "type": "aws_vpc_peering_connection",
      "name": "frontend-backend",
      "provider": "provider.aws",
      "instances": [
        {
          "schema_version": 0,
          "attributes": {
            "accept_status": "active",
            "accepter": [
              {
                "allow_classic_link_to_remote_vpc": false,
                "allow_remote_vpc_dns_resolution": true,
                "allow_vpc_to_remote_classic_link": false
              }
            ],
            "auto_accept": true,
            "id": "pcx-083255c6306bf2912",
            "peer_owner_id": "773114618884",
            "peer_region": "ap-southeast-2",
            "peer_vpc_id": "vpc-01fdcba0a4f0b84c0",
            "requester": [
              {
                "allow_classic_link_to_remote_vpc": false,
                "allow_remote_vpc_dns_resolution": true,
                "allow_vpc_to_remote_classic_link": false
              }
            ],
            "tags": {
              "Environment": "dev",
              "Name": "frontend-backend-peering"
            },
            "timeouts": null,
            "vpc_id": "vpc-0dde6870b2646fe50"
          },
          "private": "eyJlMmJmYjczMC1lY2FhLTExZTYtOGY4OC0zNDM2M2JjN2M0YzAiOnsiY3JlYXRlIjo2MDAwMDAwMDAwMCwiZGVsZXRlIjo2MDAwMDAwMDAwMCwidXBkYXRlIjo2MDAwMDAwMDAwMH19",
          "dependencies": [
            "aws_vpc.backend-vpc",
            "aws_vpc.frontend-vpc"
          ]
        }
      ]
    }
  ]
}
